// !$*UTF8*$!
{
	archiveVersion = 1;
	classes = {
	};
	objectVersion = 55;
	objects = {

/* Begin PBXBuildFile section */
		05252E452854DEF80090B385 /* Assets.xcassets in Resources */ = {isa = PBXBuildFile; fileRef = 05252E442854DEF80090B385 /* Assets.xcassets */; };
		05252E542854DF410090B385 /* MainMenu.xib in Resources */ = {isa = PBXBuildFile; fileRef = 05252E502854DF410090B385 /* MainMenu.xib */; };
		05252E552854DF410090B385 /* ApplicationDelegate.swift in Sources */ = {isa = PBXBuildFile; fileRef = 05252E532854DF410090B385 /* ApplicationDelegate.swift */; };
		05252E572854DFB50090B385 /* MainWindowController.swift in Sources */ = {isa = PBXBuildFile; fileRef = 05252E562854DFB50090B385 /* MainWindowController.swift */; };
		05252E5A2854DFE80090B385 /* MainWindowController.xib in Resources */ = {isa = PBXBuildFile; fileRef = 05252E582854DFE80090B385 /* MainWindowController.xib */; };
		05252E5C2854E0360090B385 /* AboutWindowController.swift in Sources */ = {isa = PBXBuildFile; fileRef = 05252E5B2854E0360090B385 /* AboutWindowController.swift */; };
		05252E5F2854E0510090B385 /* AboutWindowController.xib in Resources */ = {isa = PBXBuildFile; fileRef = 05252E5D2854E0510090B385 /* AboutWindowController.xib */; };
		05252EA02854E38B0090B385 /* Scene.swift in Sources */ = {isa = PBXBuildFile; fileRef = 05252E9F2854E38B0090B385 /* Scene.swift */; };
		05252EA52854E9180090B385 /* Gene.swift in Sources */ = {isa = PBXBuildFile; fileRef = 05252EA42854E9180090B385 /* Gene.swift */; };
		05252EA72854E9210090B385 /* Food.swift in Sources */ = {isa = PBXBuildFile; fileRef = 05252EA62854E9210090B385 /* Food.swift */; };
		05252EA92854E9290090B385 /* Plant.swift in Sources */ = {isa = PBXBuildFile; fileRef = 05252EA82854E9290090B385 /* Plant.swift */; };
		05252EAB2854E9310090B385 /* Meat.swift in Sources */ = {isa = PBXBuildFile; fileRef = 05252EAA2854E9310090B385 /* Meat.swift */; };
		05252EAD2854E94B0090B385 /* Herbivore.swift in Sources */ = {isa = PBXBuildFile; fileRef = 05252EAC2854E94B0090B385 /* Herbivore.swift */; };
		05252EAF2854E9540090B385 /* Scavenger.swift in Sources */ = {isa = PBXBuildFile; fileRef = 05252EAE2854E9540090B385 /* Scavenger.swift */; };
		05252EB12854E95D0090B385 /* Carnivore.swift in Sources */ = {isa = PBXBuildFile; fileRef = 05252EB02854E95D0090B385 /* Carnivore.swift */; };
		05252EB32854E9640090B385 /* Cannibal.swift in Sources */ = {isa = PBXBuildFile; fileRef = 05252EB22854E9640090B385 /* Cannibal.swift */; };
		05252EB52854E9690090B385 /* Vampire.swift in Sources */ = {isa = PBXBuildFile; fileRef = 05252EB42854E9690090B385 /* Vampire.swift */; };
		05252EB72854E96F0090B385 /* Mitosis.swift in Sources */ = {isa = PBXBuildFile; fileRef = 05252EB62854E96F0090B385 /* Mitosis.swift */; };
		05252EB92854E9740090B385 /* Sex.swift in Sources */ = {isa = PBXBuildFile; fileRef = 05252EB82854E9740090B385 /* Sex.swift */; };
		05252EBB2854E9830090B385 /* VampireSense.swift in Sources */ = {isa = PBXBuildFile; fileRef = 05252EBA2854E9830090B385 /* VampireSense.swift */; };
		05252EBD2854E9900090B385 /* CarnivoreSense.swift in Sources */ = {isa = PBXBuildFile; fileRef = 05252EBC2854E9900090B385 /* CarnivoreSense.swift */; };
		05252EBF2854E9A10090B385 /* FoodSense.swift in Sources */ = {isa = PBXBuildFile; fileRef = 05252EBE2854E9A10090B385 /* FoodSense.swift */; };
		05252EC12854EA400090B385 /* Creature.swift in Sources */ = {isa = PBXBuildFile; fileRef = 05252EC02854EA400090B385 /* Creature.swift */; };
		05252EC32854EA590090B385 /* Updatable.swift in Sources */ = {isa = PBXBuildFile; fileRef = 05252EC22854EA590090B385 /* Updatable.swift */; };
		05252EC72854F4220090B385 /* Settings.swift in Sources */ = {isa = PBXBuildFile; fileRef = 05252EC62854F4220090B385 /* Settings.swift */; };
		05252ECB285521B20090B385 /* SpriteNode.swift in Sources */ = {isa = PBXBuildFile; fileRef = 05252ECA285521B20090B385 /* SpriteNode.swift */; };
		05252ECD28554EC70090B385 /* Omnivore.swift in Sources */ = {isa = PBXBuildFile; fileRef = 05252ECC28554EC70090B385 /* Omnivore.swift */; };
		05252ED1285580190090B385 /* EvolutionHelper.swift in Sources */ = {isa = PBXBuildFile; fileRef = 05252ED0285580190090B385 /* EvolutionHelper.swift */; };
		05252EEC28558A0B0090B385 /* NSPoint.swift in Sources */ = {isa = PBXBuildFile; fileRef = 05252EEB28558A0B0090B385 /* NSPoint.swift */; };
/* End PBXBuildFile section */

/* Begin PBXFileReference section */
		05252E3F2854DEF70090B385 /* Creatures.app */ = {isa = PBXFileReference; explicitFileType = wrapper.application; includeInIndex = 0; path = Creatures.app; sourceTree = BUILT_PRODUCTS_DIR; };
		05252E442854DEF80090B385 /* Assets.xcassets */ = {isa = PBXFileReference; lastKnownFileType = folder.assetcatalog; path = Assets.xcassets; sourceTree = "<group>"; };
		05252E492854DEF80090B385 /* Creatures.entitlements */ = {isa = PBXFileReference; lastKnownFileType = text.plist.entitlements; path = Creatures.entitlements; sourceTree = "<group>"; };
		05252E512854DF410090B385 /* Base */ = {isa = PBXFileReference; lastKnownFileType = file.xib; name = Base; path = Base.lproj/MainMenu.xib; sourceTree = "<group>"; };
		05252E532854DF410090B385 /* ApplicationDelegate.swift */ = {isa = PBXFileReference; fileEncoding = 4; lastKnownFileType = sourcecode.swift; path = ApplicationDelegate.swift; sourceTree = "<group>"; };
		05252E562854DFB50090B385 /* MainWindowController.swift */ = {isa = PBXFileReference; lastKnownFileType = sourcecode.swift; path = MainWindowController.swift; sourceTree = "<group>"; };
		05252E592854DFE80090B385 /* Base */ = {isa = PBXFileReference; lastKnownFileType = file.xib; name = Base; path = Base.lproj/MainWindowController.xib; sourceTree = "<group>"; };
		05252E5B2854E0360090B385 /* AboutWindowController.swift */ = {isa = PBXFileReference; fileEncoding = 4; lastKnownFileType = sourcecode.swift; path = AboutWindowController.swift; sourceTree = "<group>"; };
		05252E5E2854E0510090B385 /* Base */ = {isa = PBXFileReference; lastKnownFileType = file.xib; name = Base; path = Base.lproj/AboutWindowController.xib; sourceTree = "<group>"; };
		05252E602854E0D50090B385 /* Info.plist */ = {isa = PBXFileReference; fileEncoding = 4; lastKnownFileType = text.plist.xml; path = Info.plist; sourceTree = "<group>"; };
		05252E642854E1F20090B385 /* CODE_OF_CONDUCT.md */ = {isa = PBXFileReference; lastKnownFileType = net.daringfireball.markdown; path = CODE_OF_CONDUCT.md; sourceTree = "<group>"; };
		05252E652854E1F20090B385 /* Release - ccache.xcconfig */ = {isa = PBXFileReference; lastKnownFileType = text.xcconfig; path = "Release - ccache.xcconfig"; sourceTree = "<group>"; };
		05252E662854E1F20090B385 /* Common.xcconfig */ = {isa = PBXFileReference; lastKnownFileType = text.xcconfig; path = Common.xcconfig; sourceTree = "<group>"; };
		05252E672854E1F20090B385 /* Debug - ccache.xcconfig */ = {isa = PBXFileReference; lastKnownFileType = text.xcconfig; path = "Debug - ccache.xcconfig"; sourceTree = "<group>"; };
		05252E682854E1F20090B385 /* Debug.xcconfig */ = {isa = PBXFileReference; lastKnownFileType = text.xcconfig; path = Debug.xcconfig; sourceTree = "<group>"; };
		05252E692854E1F20090B385 /* Release.xcconfig */ = {isa = PBXFileReference; lastKnownFileType = text.xcconfig; path = Release.xcconfig; sourceTree = "<group>"; };
		05252E6A2854E1F20090B385 /* README.md */ = {isa = PBXFileReference; lastKnownFileType = net.daringfireball.markdown; path = README.md; sourceTree = "<group>"; };
		05252E6B2854E1F20090B385 /* Release - Library.xcconfig */ = {isa = PBXFileReference; lastKnownFileType = text.xcconfig; path = "Release - Library.xcconfig"; sourceTree = "<group>"; };
		05252E6D2854E1F20090B385 /* Signing.xcconfig */ = {isa = PBXFileReference; lastKnownFileType = text.xcconfig; path = Signing.xcconfig; sourceTree = "<group>"; };
		05252E6E2854E1F20090B385 /* Architectures.xcconfig */ = {isa = PBXFileReference; lastKnownFileType = text.xcconfig; path = Architectures.xcconfig; sourceTree = "<group>"; };
		05252E702854E1F20090B385 /* Issues.xcconfig */ = {isa = PBXFileReference; lastKnownFileType = text.xcconfig; path = Issues.xcconfig; sourceTree = "<group>"; };
		05252E722854E1F20090B385 /* Apple-APIs.xcconfig */ = {isa = PBXFileReference; lastKnownFileType = text.xcconfig; path = "Apple-APIs.xcconfig"; sourceTree = "<group>"; };
		05252E732854E1F20090B385 /* Generic-Issues.xcconfig */ = {isa = PBXFileReference; lastKnownFileType = text.xcconfig; path = "Generic-Issues.xcconfig"; sourceTree = "<group>"; };
		05252E742854E1F20090B385 /* Security.xcconfig */ = {isa = PBXFileReference; lastKnownFileType = text.xcconfig; path = Security.xcconfig; sourceTree = "<group>"; };
		05252E752854E1F20090B385 /* Objective-C.xcconfig */ = {isa = PBXFileReference; lastKnownFileType = text.xcconfig; path = "Objective-C.xcconfig"; sourceTree = "<group>"; };
		05252E762854E1F20090B385 /* Analysis-Policy.xcconfig */ = {isa = PBXFileReference; lastKnownFileType = text.xcconfig; path = "Analysis-Policy.xcconfig"; sourceTree = "<group>"; };
		05252E772854E1F20090B385 /* Deployment.xcconfig */ = {isa = PBXFileReference; lastKnownFileType = text.xcconfig; path = Deployment.xcconfig; sourceTree = "<group>"; };
		05252E782854E1F20090B385 /* Build-Options.xcconfig */ = {isa = PBXFileReference; lastKnownFileType = text.xcconfig; path = "Build-Options.xcconfig"; sourceTree = "<group>"; };
		05252E792854E1F20090B385 /* Swift-Compiler.xcconfig */ = {isa = PBXFileReference; lastKnownFileType = text.xcconfig; path = "Swift-Compiler.xcconfig"; sourceTree = "<group>"; };
		05252E7A2854E1F20090B385 /* Static-Analyzer.xcconfig */ = {isa = PBXFileReference; lastKnownFileType = text.xcconfig; path = "Static-Analyzer.xcconfig"; sourceTree = "<group>"; };
		05252E7C2854E1F20090B385 /* Warnings-Policies.xcconfig */ = {isa = PBXFileReference; lastKnownFileType = text.xcconfig; path = "Warnings-Policies.xcconfig"; sourceTree = "<group>"; };
		05252E7D2854E1F20090B385 /* Code-Generation.xcconfig */ = {isa = PBXFileReference; lastKnownFileType = text.xcconfig; path = "Code-Generation.xcconfig"; sourceTree = "<group>"; };
		05252E7E2854E1F20090B385 /* Language.xcconfig */ = {isa = PBXFileReference; lastKnownFileType = text.xcconfig; path = Language.xcconfig; sourceTree = "<group>"; };
		05252E7F2854E1F20090B385 /* General.xcconfig */ = {isa = PBXFileReference; lastKnownFileType = text.xcconfig; path = General.xcconfig; sourceTree = "<group>"; };
		05252E802854E1F20090B385 /* Search-Paths.xcconfig */ = {isa = PBXFileReference; lastKnownFileType = text.xcconfig; path = "Search-Paths.xcconfig"; sourceTree = "<group>"; };
		05252E812854E1F20090B385 /* Apple-LLVM.xcconfig */ = {isa = PBXFileReference; lastKnownFileType = text.xcconfig; path = "Apple-LLVM.xcconfig"; sourceTree = "<group>"; };
		05252E842854E1F20090B385 /* Modules.xcconfig */ = {isa = PBXFileReference; lastKnownFileType = text.xcconfig; path = Modules.xcconfig; sourceTree = "<group>"; };
		05252E852854E1F20090B385 /* Objective-C.xcconfig */ = {isa = PBXFileReference; lastKnownFileType = text.xcconfig; path = "Objective-C.xcconfig"; sourceTree = "<group>"; };
		05252E862854E1F20090B385 /* C++.xcconfig */ = {isa = PBXFileReference; lastKnownFileType = text.xcconfig; path = "C++.xcconfig"; sourceTree = "<group>"; };
		05252E872854E1F20090B385 /* Code-Generation.xcconfig */ = {isa = PBXFileReference; lastKnownFileType = text.xcconfig; path = "Code-Generation.xcconfig"; sourceTree = "<group>"; };
		05252E882854E1F20090B385 /* Address-Sanitizer.xcconfig */ = {isa = PBXFileReference; lastKnownFileType = text.xcconfig; path = "Address-Sanitizer.xcconfig"; sourceTree = "<group>"; };
		05252E892854E1F20090B385 /* Language.xcconfig */ = {isa = PBXFileReference; lastKnownFileType = text.xcconfig; path = Language.xcconfig; sourceTree = "<group>"; };
		05252E8A2854E1F20090B385 /* Warnings.xcconfig */ = {isa = PBXFileReference; lastKnownFileType = text.xcconfig; path = Warnings.xcconfig; sourceTree = "<group>"; };
		05252E8B2854E1F20090B385 /* Undefined-Behavior-Sanitizer.xcconfig */ = {isa = PBXFileReference; lastKnownFileType = text.xcconfig; path = "Undefined-Behavior-Sanitizer.xcconfig"; sourceTree = "<group>"; };
		05252E8C2854E1F20090B385 /* Warning-Policies.xcconfig */ = {isa = PBXFileReference; lastKnownFileType = text.xcconfig; path = "Warning-Policies.xcconfig"; sourceTree = "<group>"; };
		05252E8E2854E1F20090B385 /* Objective-C-ARC.xcconfig */ = {isa = PBXFileReference; lastKnownFileType = text.xcconfig; path = "Objective-C-ARC.xcconfig"; sourceTree = "<group>"; };
		05252E8F2854E1F20090B385 /* Objective-C.xcconfig */ = {isa = PBXFileReference; lastKnownFileType = text.xcconfig; path = "Objective-C.xcconfig"; sourceTree = "<group>"; };
		05252E902854E1F20090B385 /* C++.xcconfig */ = {isa = PBXFileReference; lastKnownFileType = text.xcconfig; path = "C++.xcconfig"; sourceTree = "<group>"; };
		05252E912854E1F20090B385 /* All-Languages.xcconfig */ = {isa = PBXFileReference; lastKnownFileType = text.xcconfig; path = "All-Languages.xcconfig"; sourceTree = "<group>"; };
		05252E922854E1F20090B385 /* Preprocessing.xcconfig */ = {isa = PBXFileReference; lastKnownFileType = text.xcconfig; path = Preprocessing.xcconfig; sourceTree = "<group>"; };
		05252E932854E1F20090B385 /* Debug - Library.xcconfig */ = {isa = PBXFileReference; lastKnownFileType = text.xcconfig; path = "Debug - Library.xcconfig"; sourceTree = "<group>"; };
		05252E942854E1F20090B385 /* .gitignore */ = {isa = PBXFileReference; lastKnownFileType = text; path = .gitignore; sourceTree = "<group>"; };
		05252E962854E1F20090B385 /* ccache-config.sh */ = {isa = PBXFileReference; lastKnownFileType = text.script.sh; path = "ccache-config.sh"; sourceTree = "<group>"; };
		05252E972854E1F20090B385 /* ccache.sh */ = {isa = PBXFileReference; lastKnownFileType = text.script.sh; path = ccache.sh; sourceTree = "<group>"; };
		05252E992854E1F20090B385 /* FUNDING.yml */ = {isa = PBXFileReference; lastKnownFileType = text.yaml; path = FUNDING.yml; sourceTree = "<group>"; };
		05252E9A2854E1F20090B385 /* Debug - zld.xcconfig */ = {isa = PBXFileReference; lastKnownFileType = text.xcconfig; path = "Debug - zld.xcconfig"; sourceTree = "<group>"; };
		05252E9F2854E38B0090B385 /* Scene.swift */ = {isa = PBXFileReference; lastKnownFileType = sourcecode.swift; path = Scene.swift; sourceTree = "<group>"; };
		05252EA42854E9180090B385 /* Gene.swift */ = {isa = PBXFileReference; lastKnownFileType = sourcecode.swift; path = Gene.swift; sourceTree = "<group>"; };
		05252EA62854E9210090B385 /* Food.swift */ = {isa = PBXFileReference; lastKnownFileType = sourcecode.swift; path = Food.swift; sourceTree = "<group>"; };
		05252EA82854E9290090B385 /* Plant.swift */ = {isa = PBXFileReference; lastKnownFileType = sourcecode.swift; path = Plant.swift; sourceTree = "<group>"; };
		05252EAA2854E9310090B385 /* Meat.swift */ = {isa = PBXFileReference; lastKnownFileType = sourcecode.swift; path = Meat.swift; sourceTree = "<group>"; };
		05252EAC2854E94B0090B385 /* Herbivore.swift */ = {isa = PBXFileReference; lastKnownFileType = sourcecode.swift; path = Herbivore.swift; sourceTree = "<group>"; };
		05252EAE2854E9540090B385 /* Scavenger.swift */ = {isa = PBXFileReference; lastKnownFileType = sourcecode.swift; path = Scavenger.swift; sourceTree = "<group>"; };
		05252EB02854E95D0090B385 /* Carnivore.swift */ = {isa = PBXFileReference; lastKnownFileType = sourcecode.swift; path = Carnivore.swift; sourceTree = "<group>"; };
		05252EB22854E9640090B385 /* Cannibal.swift */ = {isa = PBXFileReference; lastKnownFileType = sourcecode.swift; path = Cannibal.swift; sourceTree = "<group>"; };
		05252EB42854E9690090B385 /* Vampire.swift */ = {isa = PBXFileReference; lastKnownFileType = sourcecode.swift; path = Vampire.swift; sourceTree = "<group>"; };
		05252EB62854E96F0090B385 /* Mitosis.swift */ = {isa = PBXFileReference; lastKnownFileType = sourcecode.swift; path = Mitosis.swift; sourceTree = "<group>"; };
		05252EB82854E9740090B385 /* Sex.swift */ = {isa = PBXFileReference; lastKnownFileType = sourcecode.swift; path = Sex.swift; sourceTree = "<group>"; };
		05252EBA2854E9830090B385 /* VampireSense.swift */ = {isa = PBXFileReference; lastKnownFileType = sourcecode.swift; path = VampireSense.swift; sourceTree = "<group>"; };
		05252EBC2854E9900090B385 /* CarnivoreSense.swift */ = {isa = PBXFileReference; lastKnownFileType = sourcecode.swift; path = CarnivoreSense.swift; sourceTree = "<group>"; };
		05252EBE2854E9A10090B385 /* FoodSense.swift */ = {isa = PBXFileReference; lastKnownFileType = sourcecode.swift; path = FoodSense.swift; sourceTree = "<group>"; };
		05252EC02854EA400090B385 /* Creature.swift */ = {isa = PBXFileReference; lastKnownFileType = sourcecode.swift; path = Creature.swift; sourceTree = "<group>"; };
		05252EC22854EA590090B385 /* Updatable.swift */ = {isa = PBXFileReference; lastKnownFileType = sourcecode.swift; path = Updatable.swift; sourceTree = "<group>"; };
		05252EC62854F4220090B385 /* Settings.swift */ = {isa = PBXFileReference; lastKnownFileType = sourcecode.swift; path = Settings.swift; sourceTree = "<group>"; };
		05252ECA285521B20090B385 /* SpriteNode.swift */ = {isa = PBXFileReference; lastKnownFileType = sourcecode.swift; path = SpriteNode.swift; sourceTree = "<group>"; };
		05252ECC28554EC70090B385 /* Omnivore.swift */ = {isa = PBXFileReference; lastKnownFileType = sourcecode.swift; path = Omnivore.swift; sourceTree = "<group>"; };
		05252ED0285580190090B385 /* EvolutionHelper.swift */ = {isa = PBXFileReference; lastKnownFileType = sourcecode.swift; path = EvolutionHelper.swift; sourceTree = "<group>"; };
		05252EEB28558A0B0090B385 /* NSPoint.swift */ = {isa = PBXFileReference; lastKnownFileType = sourcecode.swift; path = NSPoint.swift; sourceTree = "<group>"; };
/* End PBXFileReference section */

/* Begin PBXFrameworksBuildPhase section */
		05252E3C2854DEF70090B385 /* Frameworks */ = {
			isa = PBXFrameworksBuildPhase;
			buildActionMask = 2147483647;
			files = (
			);
			runOnlyForDeploymentPostprocessing = 0;
		};
/* End PBXFrameworksBuildPhase section */

/* Begin PBXGroup section */
		05252E362854DEF70090B385 = {
			isa = PBXGroup;
			children = (
				05252E632854E1F20090B385 /* xcconfig */,
				05252E412854DEF70090B385 /* Creatures */,
				05252E402854DEF70090B385 /* Products */,
			);
			sourceTree = "<group>";
		};
		05252E402854DEF70090B385 /* Products */ = {
			isa = PBXGroup;
			children = (
				05252E3F2854DEF70090B385 /* Creatures.app */,
			);
			name = Products;
			sourceTree = "<group>";
		};
		05252E412854DEF70090B385 /* Creatures */ = {
			isa = PBXGroup;
			children = (
				05252E522854DF410090B385 /* Classes */,
				05252E4F2854DF410090B385 /* UI */,
				05252E492854DEF80090B385 /* Creatures.entitlements */,
				05252E602854E0D50090B385 /* Info.plist */,
			);
			path = Creatures;
			sourceTree = "<group>";
		};
		05252E4F2854DF410090B385 /* UI */ = {
			isa = PBXGroup;
			children = (
				05252E5D2854E0510090B385 /* AboutWindowController.xib */,
				05252E442854DEF80090B385 /* Assets.xcassets */,
				05252E502854DF410090B385 /* MainMenu.xib */,
				05252E582854DFE80090B385 /* MainWindowController.xib */,
			);
			path = UI;
			sourceTree = "<group>";
		};
		05252E522854DF410090B385 /* Classes */ = {
			isa = PBXGroup;
			children = (
				05252EA32854E90D0090B385 /* Organisms */,
				05252EA22854E9090090B385 /* Food */,
				05252EA12854E9030090B385 /* Genes */,
				05252E5B2854E0360090B385 /* AboutWindowController.swift */,
				05252E532854DF410090B385 /* ApplicationDelegate.swift */,
				05252E562854DFB50090B385 /* MainWindowController.swift */,
				05252E9F2854E38B0090B385 /* Scene.swift */,
				05252EC62854F4220090B385 /* Settings.swift */,
				05252EC22854EA590090B385 /* Updatable.swift */,
				05252ECA285521B20090B385 /* SpriteNode.swift */,
				05252ED0285580190090B385 /* EvolutionHelper.swift */,
				05252EEB28558A0B0090B385 /* NSPoint.swift */,
			);
			path = Classes;
			sourceTree = "<group>";
		};
		05252E632854E1F20090B385 /* xcconfig */ = {
			isa = PBXGroup;
			children = (
				05252E642854E1F20090B385 /* CODE_OF_CONDUCT.md */,
				05252E652854E1F20090B385 /* Release - ccache.xcconfig */,
				05252E662854E1F20090B385 /* Common.xcconfig */,
				05252E672854E1F20090B385 /* Debug - ccache.xcconfig */,
				05252E682854E1F20090B385 /* Debug.xcconfig */,
				05252E692854E1F20090B385 /* Release.xcconfig */,
				05252E6A2854E1F20090B385 /* README.md */,
				05252E6B2854E1F20090B385 /* Release - Library.xcconfig */,
				05252E6C2854E1F20090B385 /* Common */,
				05252E932854E1F20090B385 /* Debug - Library.xcconfig */,
				05252E942854E1F20090B385 /* .gitignore */,
				05252E952854E1F20090B385 /* Scripts */,
				05252E982854E1F20090B385 /* .github */,
				05252E9A2854E1F20090B385 /* Debug - zld.xcconfig */,
			);
			name = xcconfig;
			path = Submodules/xcconfig;
			sourceTree = "<group>";
		};
		05252E6C2854E1F20090B385 /* Common */ = {
			isa = PBXGroup;
			children = (
				05252E6D2854E1F20090B385 /* Signing.xcconfig */,
				05252E6E2854E1F20090B385 /* Architectures.xcconfig */,
				05252E6F2854E1F20090B385 /* Static-Analyzer */,
				05252E772854E1F20090B385 /* Deployment.xcconfig */,
				05252E782854E1F20090B385 /* Build-Options.xcconfig */,
				05252E792854E1F20090B385 /* Swift-Compiler.xcconfig */,
				05252E7A2854E1F20090B385 /* Static-Analyzer.xcconfig */,
				05252E7B2854E1F20090B385 /* Swift-Compiler */,
				05252E802854E1F20090B385 /* Search-Paths.xcconfig */,
				05252E812854E1F20090B385 /* Apple-LLVM.xcconfig */,
				05252E822854E1F20090B385 /* Apple-LLVM */,
			);
			path = Common;
			sourceTree = "<group>";
		};
		05252E6F2854E1F20090B385 /* Static-Analyzer */ = {
			isa = PBXGroup;
			children = (
				05252E702854E1F20090B385 /* Issues.xcconfig */,
				05252E712854E1F20090B385 /* Issues */,
			);
			path = "Static-Analyzer";
			sourceTree = "<group>";
		};
		05252E712854E1F20090B385 /* Issues */ = {
			isa = PBXGroup;
			children = (
				05252E722854E1F20090B385 /* Apple-APIs.xcconfig */,
				05252E732854E1F20090B385 /* Generic-Issues.xcconfig */,
				05252E742854E1F20090B385 /* Security.xcconfig */,
				05252E752854E1F20090B385 /* Objective-C.xcconfig */,
				05252E762854E1F20090B385 /* Analysis-Policy.xcconfig */,
			);
			path = Issues;
			sourceTree = "<group>";
		};
		05252E7B2854E1F20090B385 /* Swift-Compiler */ = {
			isa = PBXGroup;
			children = (
				05252E7C2854E1F20090B385 /* Warnings-Policies.xcconfig */,
				05252E7D2854E1F20090B385 /* Code-Generation.xcconfig */,
				05252E7E2854E1F20090B385 /* Language.xcconfig */,
				05252E7F2854E1F20090B385 /* General.xcconfig */,
			);
			path = "Swift-Compiler";
			sourceTree = "<group>";
		};
		05252E822854E1F20090B385 /* Apple-LLVM */ = {
			isa = PBXGroup;
			children = (
				05252E832854E1F20090B385 /* Language */,
				05252E872854E1F20090B385 /* Code-Generation.xcconfig */,
				05252E882854E1F20090B385 /* Address-Sanitizer.xcconfig */,
				05252E892854E1F20090B385 /* Language.xcconfig */,
				05252E8A2854E1F20090B385 /* Warnings.xcconfig */,
				05252E8B2854E1F20090B385 /* Undefined-Behavior-Sanitizer.xcconfig */,
				05252E8C2854E1F20090B385 /* Warning-Policies.xcconfig */,
				05252E8D2854E1F20090B385 /* Warnings */,
				05252E922854E1F20090B385 /* Preprocessing.xcconfig */,
			);
			path = "Apple-LLVM";
			sourceTree = "<group>";
		};
		05252E832854E1F20090B385 /* Language */ = {
			isa = PBXGroup;
			children = (
				05252E842854E1F20090B385 /* Modules.xcconfig */,
				05252E852854E1F20090B385 /* Objective-C.xcconfig */,
				05252E862854E1F20090B385 /* C++.xcconfig */,
			);
			path = Language;
			sourceTree = "<group>";
		};
		05252E8D2854E1F20090B385 /* Warnings */ = {
			isa = PBXGroup;
			children = (
				05252E8E2854E1F20090B385 /* Objective-C-ARC.xcconfig */,
				05252E8F2854E1F20090B385 /* Objective-C.xcconfig */,
				05252E902854E1F20090B385 /* C++.xcconfig */,
				05252E912854E1F20090B385 /* All-Languages.xcconfig */,
			);
			path = Warnings;
			sourceTree = "<group>";
		};
		05252E952854E1F20090B385 /* Scripts */ = {
			isa = PBXGroup;
			children = (
				05252E962854E1F20090B385 /* ccache-config.sh */,
				05252E972854E1F20090B385 /* ccache.sh */,
			);
			path = Scripts;
			sourceTree = "<group>";
		};
		05252E982854E1F20090B385 /* .github */ = {
			isa = PBXGroup;
			children = (
				05252E992854E1F20090B385 /* FUNDING.yml */,
			);
			path = .github;
			sourceTree = "<group>";
		};
		05252EA12854E9030090B385 /* Genes */ = {
			isa = PBXGroup;
			children = (
				05252EB22854E9640090B385 /* Cannibal.swift */,
				05252EB02854E95D0090B385 /* Carnivore.swift */,
				05252EBC2854E9900090B385 /* CarnivoreSense.swift */,
				05252EBE2854E9A10090B385 /* FoodSense.swift */,
				05252EA42854E9180090B385 /* Gene.swift */,
				05252EAC2854E94B0090B385 /* Herbivore.swift */,
				05252EB62854E96F0090B385 /* Mitosis.swift */,
				05252ECC28554EC70090B385 /* Omnivore.swift */,
				05252EAE2854E9540090B385 /* Scavenger.swift */,
				05252EB82854E9740090B385 /* Sex.swift */,
				05252EB42854E9690090B385 /* Vampire.swift */,
				05252EBA2854E9830090B385 /* VampireSense.swift */,
			);
			path = Genes;
			sourceTree = "<group>";
		};
		05252EA22854E9090090B385 /* Food */ = {
			isa = PBXGroup;
			children = (
				05252EA62854E9210090B385 /* Food.swift */,
				05252EA82854E9290090B385 /* Plant.swift */,
				05252EAA2854E9310090B385 /* Meat.swift */,
			);
			path = Food;
			sourceTree = "<group>";
		};
		05252EA32854E90D0090B385 /* Organisms */ = {
			isa = PBXGroup;
			children = (
				05252EC02854EA400090B385 /* Creature.swift */,
			);
			path = Organisms;
			sourceTree = "<group>";
		};
/* End PBXGroup section */

/* Begin PBXNativeTarget section */
		05252E3E2854DEF70090B385 /* Creatures */ = {
			isa = PBXNativeTarget;
			buildConfigurationList = 05252E4C2854DEF80090B385 /* Build configuration list for PBXNativeTarget "Creatures" */;
			buildPhases = (
				05252E3B2854DEF70090B385 /* Sources */,
				05252E3C2854DEF70090B385 /* Frameworks */,
				05252E9C2854E2CD0090B385 /* ShellScript */,
				05252E3D2854DEF70090B385 /* Resources */,
			);
			buildRules = (
			);
			dependencies = (
			);
			name = Creatures;
			productName = Creatures;
			productReference = 05252E3F2854DEF70090B385 /* Creatures.app */;
			productType = "com.apple.product-type.application";
		};
/* End PBXNativeTarget section */

/* Begin PBXProject section */
		05252E372854DEF70090B385 /* Project object */ = {
			isa = PBXProject;
			attributes = {
				BuildIndependentTargetsInParallel = 1;
				LastSwiftUpdateCheck = 1330;
				LastUpgradeCheck = 1330;
				TargetAttributes = {
					05252E3E2854DEF70090B385 = {
						CreatedOnToolsVersion = 13.3.1;
					};
				};
			};
			buildConfigurationList = 05252E3A2854DEF70090B385 /* Build configuration list for PBXProject "Creatures" */;
			compatibilityVersion = "Xcode 13.0";
			developmentRegion = en;
			hasScannedForEncodings = 0;
			knownRegions = (
				en,
				Base,
			);
			mainGroup = 05252E362854DEF70090B385;
			productRefGroup = 05252E402854DEF70090B385 /* Products */;
			projectDirPath = "";
			projectRoot = "";
			targets = (
				05252E3E2854DEF70090B385 /* Creatures */,
			);
		};
/* End PBXProject section */

/* Begin PBXResourcesBuildPhase section */
		05252E3D2854DEF70090B385 /* Resources */ = {
			isa = PBXResourcesBuildPhase;
			buildActionMask = 2147483647;
			files = (
				05252E452854DEF80090B385 /* Assets.xcassets in Resources */,
				05252E5F2854E0510090B385 /* AboutWindowController.xib in Resources */,
				05252E5A2854DFE80090B385 /* MainWindowController.xib in Resources */,
				05252E542854DF410090B385 /* MainMenu.xib in Resources */,
			);
			runOnlyForDeploymentPostprocessing = 0;
		};
/* End PBXResourcesBuildPhase section */

/* Begin PBXShellScriptBuildPhase section */
		05252E9C2854E2CD0090B385 /* ShellScript */ = {
			isa = PBXShellScriptBuildPhase;
			buildActionMask = 2147483647;
			files = (
			);
			inputFileListPaths = (
			);
			inputPaths = (
			);
			outputFileListPaths = (
			);
			outputPaths = (
			);
			runOnlyForDeploymentPostprocessing = 0;
			shellPath = /bin/sh;
			shellScript = "#!/bin/bash\nif [ \"${CONFIGURATION}\" = \"Release\" ]; then\n    plist=\"Creatures/Info.plist\"\n    rev=$(git rev-list HEAD | wc -l)\n    /usr/libexec/PlistBuddy -c \"Set :CFBundleVersion $rev\" \"$plist\"\nfi\n";
		};
/* End PBXShellScriptBuildPhase section */

/* Begin PBXSourcesBuildPhase section */
		05252E3B2854DEF70090B385 /* Sources */ = {
			isa = PBXSourcesBuildPhase;
			buildActionMask = 2147483647;
			files = (
				05252EBF2854E9A10090B385 /* FoodSense.swift in Sources */,
				05252EAF2854E9540090B385 /* Scavenger.swift in Sources */,
				05252EC12854EA400090B385 /* Creature.swift in Sources */,
				05252ECD28554EC70090B385 /* Omnivore.swift in Sources */,
				05252EA52854E9180090B385 /* Gene.swift in Sources */,
				05252ED1285580190090B385 /* EvolutionHelper.swift in Sources */,
				05252EA02854E38B0090B385 /* Scene.swift in Sources */,
				05252E5C2854E0360090B385 /* AboutWindowController.swift in Sources */,
				05252EB72854E96F0090B385 /* Mitosis.swift in Sources */,
				05252EB92854E9740090B385 /* Sex.swift in Sources */,
				05252E572854DFB50090B385 /* MainWindowController.swift in Sources */,
				05252EBD2854E9900090B385 /* CarnivoreSense.swift in Sources */,
				05252EB52854E9690090B385 /* Vampire.swift in Sources */,
				05252EAB2854E9310090B385 /* Meat.swift in Sources */,
				05252EC32854EA590090B385 /* Updatable.swift in Sources */,
				05252EA92854E9290090B385 /* Plant.swift in Sources */,
				05252E552854DF410090B385 /* ApplicationDelegate.swift in Sources */,
				05252EB12854E95D0090B385 /* Carnivore.swift in Sources */,
				05252EB32854E9640090B385 /* Cannibal.swift in Sources */,
				05252EAD2854E94B0090B385 /* Herbivore.swift in Sources */,
				05252ECB285521B20090B385 /* SpriteNode.swift in Sources */,
				05252EA72854E9210090B385 /* Food.swift in Sources */,
				05252EEC28558A0B0090B385 /* NSPoint.swift in Sources */,
				05252EC72854F4220090B385 /* Settings.swift in Sources */,
				05252EBB2854E9830090B385 /* VampireSense.swift in Sources */,
			);
			runOnlyForDeploymentPostprocessing = 0;
		};
/* End PBXSourcesBuildPhase section */

/* Begin PBXVariantGroup section */
		05252E502854DF410090B385 /* MainMenu.xib */ = {
			isa = PBXVariantGroup;
			children = (
				05252E512854DF410090B385 /* Base */,
			);
			name = MainMenu.xib;
			sourceTree = "<group>";
		};
		05252E582854DFE80090B385 /* MainWindowController.xib */ = {
			isa = PBXVariantGroup;
			children = (
				05252E592854DFE80090B385 /* Base */,
			);
			name = MainWindowController.xib;
			sourceTree = "<group>";
		};
		05252E5D2854E0510090B385 /* AboutWindowController.xib */ = {
			isa = PBXVariantGroup;
			children = (
				05252E5E2854E0510090B385 /* Base */,
			);
			name = AboutWindowController.xib;
			sourceTree = "<group>";
		};
/* End PBXVariantGroup section */

/* Begin XCBuildConfiguration section */
		05252E4A2854DEF80090B385 /* Debug */ = {
			isa = XCBuildConfiguration;
			baseConfigurationReference = 05252E682854E1F20090B385 /* Debug.xcconfig */;
			buildSettings = {
				CLANG_CXX_LIBRARY = "libc++";
				MTL_ENABLE_DEBUG_INFO = INCLUDE_SOURCE;
				MTL_FAST_MATH = YES;
				SWIFT_ACTIVE_COMPILATION_CONDITIONS = DEBUG;
				SWIFT_OPTIMIZATION_LEVEL = "-Onone";
			};
			name = Debug;
		};
		05252E4B2854DEF80090B385 /* Release */ = {
			isa = XCBuildConfiguration;
			baseConfigurationReference = 05252E692854E1F20090B385 /* Release.xcconfig */;
			buildSettings = {
				CLANG_CXX_LIBRARY = "libc++";
				MTL_ENABLE_DEBUG_INFO = NO;
				MTL_FAST_MATH = YES;
				SWIFT_COMPILATION_MODE = wholemodule;
				SWIFT_OPTIMIZATION_LEVEL = "-O";
			};
			name = Release;
		};
		05252E4D2854DEF80090B385 /* Debug */ = {
			isa = XCBuildConfiguration;
			buildSettings = {
				ASSETCATALOG_COMPILER_APPICON_NAME = AppIcon;
				ASSETCATALOG_COMPILER_GLOBAL_ACCENT_COLOR_NAME = AccentColor;
				CODE_SIGN_ENTITLEMENTS = Creatures/Creatures.entitlements;
				INFOPLIST_FILE = Creatures/Info.plist;
				INFOPLIST_KEY_LSApplicationCategoryType = "public.app-category.educational-games";
				INFOPLIST_KEY_NSHumanReadableCopyright = "Copyright © 2022 XS-Labs. All rights reserved.";
				INFOPLIST_KEY_NSMainNibFile = MainMenu;
				INFOPLIST_KEY_NSPrincipalClass = NSApplication;
				LD_RUNPATH_SEARCH_PATHS = (
					"$(inherited)",
					"@executable_path/../Frameworks",
				);
				PRODUCT_BUNDLE_IDENTIFIER = "com.xs-labs.Creatures";
				PRODUCT_NAME = "$(TARGET_NAME)";
			};
			name = Debug;
		};
		05252E4E2854DEF80090B385 /* Release */ = {
			isa = XCBuildConfiguration;
			buildSettings = {
				ASSETCATALOG_COMPILER_APPICON_NAME = AppIcon;
				ASSETCATALOG_COMPILER_GLOBAL_ACCENT_COLOR_NAME = AccentColor;
				CODE_SIGN_ENTITLEMENTS = Creatures/Creatures.entitlements;
				INFOPLIST_FILE = Creatures/Info.plist;
				INFOPLIST_KEY_LSApplicationCategoryType = "public.app-category.educational-games";
				INFOPLIST_KEY_NSHumanReadableCopyright = "Copyright © 2022 XS-Labs. All rights reserved.";
				INFOPLIST_KEY_NSMainNibFile = MainMenu;
				INFOPLIST_KEY_NSPrincipalClass = NSApplication;
				LD_RUNPATH_SEARCH_PATHS = (
					"$(inherited)",
					"@executable_path/../Frameworks",
				);
				PRODUCT_BUNDLE_IDENTIFIER = "com.xs-labs.Creatures";
				PRODUCT_NAME = "$(TARGET_NAME)";
			};
			name = Release;
		};
/* End XCBuildConfiguration section */

/* Begin XCConfigurationList section */
		05252E3A2854DEF70090B385 /* Build configuration list for PBXProject "Creatures" */ = {
			isa = XCConfigurationList;
			buildConfigurations = (
				05252E4A2854DEF80090B385 /* Debug */,
				05252E4B2854DEF80090B385 /* Release */,
			);
			defaultConfigurationIsVisible = 0;
			defaultConfigurationName = Release;
		};
		05252E4C2854DEF80090B385 /* Build configuration list for PBXNativeTarget "Creatures" */ = {
			isa = XCConfigurationList;
			buildConfigurations = (
				05252E4D2854DEF80090B385 /* Debug */,
				05252E4E2854DEF80090B385 /* Release */,
			);
			defaultConfigurationIsVisible = 0;
			defaultConfigurationName = Release;
		};
/* End XCConfigurationList section */
	};
	rootObject = 05252E372854DEF70090B385 /* Project object */;
}
