// !$*UTF8*$!
{
	archiveVersion = 1;
	classes = {
	};
	objectVersion = 55;
	objects = {

/* Begin PBXBuildFile section */
		05102039285A165900F11184 /* VampireSettings.swift in Sources */ = {isa = PBXBuildFile; fileRef = 05102037285A165900F11184 /* VampireSettings.swift */; };
		0510203A285A165900F11184 /* VampireSettingsViewController.swift in Sources */ = {isa = PBXBuildFile; fileRef = 05102038285A165900F11184 /* VampireSettingsViewController.swift */; };
		05102069285A192800F11184 /* PredatorSenseSettingsViewController.swift in Sources */ = {isa = PBXBuildFile; fileRef = 05102059285A192800F11184 /* PredatorSenseSettingsViewController.swift */; };
		0510206A285A192800F11184 /* MeatSenseSettings.swift in Sources */ = {isa = PBXBuildFile; fileRef = 0510205A285A192800F11184 /* MeatSenseSettings.swift */; };
		0510206B285A192800F11184 /* PredatorSettings.swift in Sources */ = {isa = PBXBuildFile; fileRef = 0510205B285A192800F11184 /* PredatorSettings.swift */; };
		0510206C285A192800F11184 /* PlantSenseSettings.swift in Sources */ = {isa = PBXBuildFile; fileRef = 0510205C285A192800F11184 /* PlantSenseSettings.swift */; };
		0510206D285A192800F11184 /* ScavengerSettingsViewController.swift in Sources */ = {isa = PBXBuildFile; fileRef = 0510205D285A192800F11184 /* ScavengerSettingsViewController.swift */; };
		0510206E285A192800F11184 /* MeatSenseSettingsViewController.swift in Sources */ = {isa = PBXBuildFile; fileRef = 0510205E285A192800F11184 /* MeatSenseSettingsViewController.swift */; };
		0510206F285A192800F11184 /* PlantSenseSettingsViewController.swift in Sources */ = {isa = PBXBuildFile; fileRef = 0510205F285A192800F11184 /* PlantSenseSettingsViewController.swift */; };
		05102070285A192800F11184 /* PredatorSenseSettings.swift in Sources */ = {isa = PBXBuildFile; fileRef = 05102060285A192800F11184 /* PredatorSenseSettings.swift */; };
		05102071285A192800F11184 /* HerbivoreSettings.swift in Sources */ = {isa = PBXBuildFile; fileRef = 05102061285A192800F11184 /* HerbivoreSettings.swift */; };
		05102072285A192800F11184 /* PredatorSettingsViewController.swift in Sources */ = {isa = PBXBuildFile; fileRef = 05102062285A192800F11184 /* PredatorSettingsViewController.swift */; };
		05102073285A192800F11184 /* HerbivoreSettingsViewController.swift in Sources */ = {isa = PBXBuildFile; fileRef = 05102063285A192800F11184 /* HerbivoreSettingsViewController.swift */; };
		05102074285A192800F11184 /* ScavengerSettings.swift in Sources */ = {isa = PBXBuildFile; fileRef = 05102064285A192800F11184 /* ScavengerSettings.swift */; };
		05102075285A192800F11184 /* SexSenseSettingsViewController.swift in Sources */ = {isa = PBXBuildFile; fileRef = 05102065285A192800F11184 /* SexSenseSettingsViewController.swift */; };
		05102076285A192800F11184 /* SexSenseSettings.swift in Sources */ = {isa = PBXBuildFile; fileRef = 05102066285A192800F11184 /* SexSenseSettings.swift */; };
		05102077285A192800F11184 /* VampireSenseSettings.swift in Sources */ = {isa = PBXBuildFile; fileRef = 05102067285A192800F11184 /* VampireSenseSettings.swift */; };
		05102078285A192800F11184 /* VampireSenseSettingsViewController.swift in Sources */ = {isa = PBXBuildFile; fileRef = 05102068285A192800F11184 /* VampireSenseSettingsViewController.swift */; };
		0510207B285A85F500F11184 /* CannibalSettingsViewController.swift in Sources */ = {isa = PBXBuildFile; fileRef = 05102079285A85F500F11184 /* CannibalSettingsViewController.swift */; };
		0510207C285A85F500F11184 /* CannibalSettings.swift in Sources */ = {isa = PBXBuildFile; fileRef = 0510207A285A85F500F11184 /* CannibalSettings.swift */; };
		0510207F285A88F800F11184 /* PreySenseSettings.swift in Sources */ = {isa = PBXBuildFile; fileRef = 0510207D285A88F800F11184 /* PreySenseSettings.swift */; };
		05102080285A88F800F11184 /* PreySenseSettingsViewController.swift in Sources */ = {isa = PBXBuildFile; fileRef = 0510207E285A88F800F11184 /* PreySenseSettingsViewController.swift */; };
		0510208C285AA13A00F11184 /* Constants.swift in Sources */ = {isa = PBXBuildFile; fileRef = 0510208B285AA13A00F11184 /* Constants.swift */; };
		0510208E285AAE2300F11184 /* CreatureDetailViewController.swift in Sources */ = {isa = PBXBuildFile; fileRef = 0510208D285AAE2300F11184 /* CreatureDetailViewController.swift */; };
		05102090285AAF0100F11184 /* BackgroundView.swift in Sources */ = {isa = PBXBuildFile; fileRef = 0510208F285AAF0100F11184 /* BackgroundView.swift */; };
		05102093285AAF6700F11184 /* CreatureDetailViewController.xib in Resources */ = {isa = PBXBuildFile; fileRef = 05102091285AAF6700F11184 /* CreatureDetailViewController.xib */; };
		05102095285ABD1000F11184 /* Destination.swift in Sources */ = {isa = PBXBuildFile; fileRef = 05102094285ABD1000F11184 /* Destination.swift */; };
		051020B3285B54D800F11184 /* BooleanTransformer.swift in Sources */ = {isa = PBXBuildFile; fileRef = 051020B2285B54D800F11184 /* BooleanTransformer.swift */; };
		051020B5285B558F00F11184 /* NegateBooleanTransformer.swift in Sources */ = {isa = PBXBuildFile; fileRef = 051020B4285B558F00F11184 /* NegateBooleanTransformer.swift */; };
		051020BB285B6B8400F11184 /* CreatureEnergyTransformer.swift in Sources */ = {isa = PBXBuildFile; fileRef = 051020BA285B6B8400F11184 /* CreatureEnergyTransformer.swift */; };
		051020BD285B6BF100F11184 /* StatusTransformer.swift in Sources */ = {isa = PBXBuildFile; fileRef = 051020BC285B6BF100F11184 /* StatusTransformer.swift */; };
		051020CB285B6DDB00F11184 /* WorldSettings.swift in Sources */ = {isa = PBXBuildFile; fileRef = 051020CA285B6DDB00F11184 /* WorldSettings.swift */; };
		051020D0285B6E6600F11184 /* WorldSettingsViewController.swift in Sources */ = {isa = PBXBuildFile; fileRef = 051020CF285B6E6500F11184 /* WorldSettingsViewController.swift */; };
		051020E0285B79AF00F11184 /* ClassTransformer.swift in Sources */ = {isa = PBXBuildFile; fileRef = 051020DF285B79AF00F11184 /* ClassTransformer.swift */; };
		05102102285B8EF400F11184 /* NameTransformer.swift in Sources */ = {isa = PBXBuildFile; fileRef = 05102101285B8EF400F11184 /* NameTransformer.swift */; };
		05102104285B8FF200F11184 /* EditNameWindowController.swift in Sources */ = {isa = PBXBuildFile; fileRef = 05102103285B8FF200F11184 /* EditNameWindowController.swift */; };
		05102107285B902600F11184 /* EditNameWindowController.xib in Resources */ = {isa = PBXBuildFile; fileRef = 05102105285B902600F11184 /* EditNameWindowController.xib */; };
		051A33412861F9B3001B605D /* License-Creatures.txt in Resources */ = {isa = PBXBuildFile; fileRef = 051A333F2861F9B3001B605D /* License-Creatures.txt */; };
		051A33422861F9B3001B605D /* License-NameCorpus.txt in Resources */ = {isa = PBXBuildFile; fileRef = 051A33402861F9B3001B605D /* License-NameCorpus.txt */; };
		051A33442862075A001B605D /* Bundle.swift in Sources */ = {isa = PBXBuildFile; fileRef = 051A33432862075A001B605D /* Bundle.swift */; };
		05252E542854DF410090B385 /* MainMenu.xib in Resources */ = {isa = PBXBuildFile; fileRef = 05252E502854DF410090B385 /* MainMenu.xib */; };
		05252E552854DF410090B385 /* ApplicationDelegate.swift in Sources */ = {isa = PBXBuildFile; fileRef = 05252E532854DF410090B385 /* ApplicationDelegate.swift */; };
		05252E572854DFB50090B385 /* MainWindowController.swift in Sources */ = {isa = PBXBuildFile; fileRef = 05252E562854DFB50090B385 /* MainWindowController.swift */; };
		05252E5A2854DFE80090B385 /* MainWindowController.xib in Resources */ = {isa = PBXBuildFile; fileRef = 05252E582854DFE80090B385 /* MainWindowController.xib */; };
		05252E5C2854E0360090B385 /* AboutWindowController.swift in Sources */ = {isa = PBXBuildFile; fileRef = 05252E5B2854E0360090B385 /* AboutWindowController.swift */; };
		05252E5F2854E0510090B385 /* AboutWindowController.xib in Resources */ = {isa = PBXBuildFile; fileRef = 05252E5D2854E0510090B385 /* AboutWindowController.xib */; };
		05252EA02854E38B0090B385 /* Scene.swift in Sources */ = {isa = PBXBuildFile; fileRef = 05252E9F2854E38B0090B385 /* Scene.swift */; };
		05252EA52854E9180090B385 /* Gene.swift in Sources */ = {isa = PBXBuildFile; fileRef = 05252EA42854E9180090B385 /* Gene.swift */; };
		05252EA72854E9210090B385 /* Food.swift in Sources */ = {isa = PBXBuildFile; fileRef = 05252EA62854E9210090B385 /* Food.swift */; };
		05252EA92854E9290090B385 /* Plant.swift in Sources */ = {isa = PBXBuildFile; fileRef = 05252EA82854E9290090B385 /* Plant.swift */; };
		05252EAB2854E9310090B385 /* Meat.swift in Sources */ = {isa = PBXBuildFile; fileRef = 05252EAA2854E9310090B385 /* Meat.swift */; };
		05252EAD2854E94B0090B385 /* Herbivore.swift in Sources */ = {isa = PBXBuildFile; fileRef = 05252EAC2854E94B0090B385 /* Herbivore.swift */; };
		05252EAF2854E9540090B385 /* Scavenger.swift in Sources */ = {isa = PBXBuildFile; fileRef = 05252EAE2854E9540090B385 /* Scavenger.swift */; };
		05252EB12854E95D0090B385 /* Predator.swift in Sources */ = {isa = PBXBuildFile; fileRef = 05252EB02854E95D0090B385 /* Predator.swift */; };
		05252EB32854E9640090B385 /* Cannibal.swift in Sources */ = {isa = PBXBuildFile; fileRef = 05252EB22854E9640090B385 /* Cannibal.swift */; };
		05252EB52854E9690090B385 /* Vampire.swift in Sources */ = {isa = PBXBuildFile; fileRef = 05252EB42854E9690090B385 /* Vampire.swift */; };
		05252EB72854E96F0090B385 /* Mitosis.swift in Sources */ = {isa = PBXBuildFile; fileRef = 05252EB62854E96F0090B385 /* Mitosis.swift */; };
		05252EB92854E9740090B385 /* Sex.swift in Sources */ = {isa = PBXBuildFile; fileRef = 05252EB82854E9740090B385 /* Sex.swift */; };
		05252EBB2854E9830090B385 /* VampireSense.swift in Sources */ = {isa = PBXBuildFile; fileRef = 05252EBA2854E9830090B385 /* VampireSense.swift */; };
		05252EBD2854E9900090B385 /* PredatorSense.swift in Sources */ = {isa = PBXBuildFile; fileRef = 05252EBC2854E9900090B385 /* PredatorSense.swift */; };
		05252EBF2854E9A10090B385 /* PlantSense.swift in Sources */ = {isa = PBXBuildFile; fileRef = 05252EBE2854E9A10090B385 /* PlantSense.swift */; };
		05252EC12854EA400090B385 /* Creature.swift in Sources */ = {isa = PBXBuildFile; fileRef = 05252EC02854EA400090B385 /* Creature.swift */; };
		05252EC32854EA590090B385 /* Updatable.swift in Sources */ = {isa = PBXBuildFile; fileRef = 05252EC22854EA590090B385 /* Updatable.swift */; };
		05252EC72854F4220090B385 /* Settings.swift in Sources */ = {isa = PBXBuildFile; fileRef = 05252EC62854F4220090B385 /* Settings.swift */; };
		05252ECB285521B20090B385 /* SpriteNode.swift in Sources */ = {isa = PBXBuildFile; fileRef = 05252ECA285521B20090B385 /* SpriteNode.swift */; };
		05252ED1285580190090B385 /* EvolutionHelper.swift in Sources */ = {isa = PBXBuildFile; fileRef = 05252ED0285580190090B385 /* EvolutionHelper.swift */; };
		05252EEC28558A0B0090B385 /* NSPoint.swift in Sources */ = {isa = PBXBuildFile; fileRef = 05252EEB28558A0B0090B385 /* NSPoint.swift */; };
		05252F01285591E90090B385 /* MeatSense.swift in Sources */ = {isa = PBXBuildFile; fileRef = 05252F00285591E90090B385 /* MeatSense.swift */; };
		05252F03285592B90090B385 /* SexSense.swift in Sources */ = {isa = PBXBuildFile; fileRef = 05252F02285592B90090B385 /* SexSense.swift */; };
		05252F05285599DD0090B385 /* Weak.swift in Sources */ = {isa = PBXBuildFile; fileRef = 05252F04285599DD0090B385 /* Weak.swift */; };
		05252F092855E1F40090B385 /* SettingsWindowController.xib in Resources */ = {isa = PBXBuildFile; fileRef = 05252F072855E1F40090B385 /* SettingsWindowController.xib */; };
		05252F0C2855E2100090B385 /* SettingsWindowController.swift in Sources */ = {isa = PBXBuildFile; fileRef = 05252F0B2855E2100090B385 /* SettingsWindowController.swift */; };
		05252F0E2855EAE80090B385 /* SettingsItem.swift in Sources */ = {isa = PBXBuildFile; fileRef = 05252F0D2855EAE80090B385 /* SettingsItem.swift */; };
		05252F522857FBEC0090B385 /* MitosisSettingsViewController.swift in Sources */ = {isa = PBXBuildFile; fileRef = 05252F512857FBEC0090B385 /* MitosisSettingsViewController.swift */; };
		05252F542857FCF70090B385 /* NSView.swift in Sources */ = {isa = PBXBuildFile; fileRef = 05252F532857FCF70090B385 /* NSView.swift */; };
		05252F5D2857FF3C0090B385 /* SettingsViewController.swift in Sources */ = {isa = PBXBuildFile; fileRef = 05252F5C2857FF3C0090B385 /* SettingsViewController.swift */; };
		05252F5F2858011B0090B385 /* MitosisSettings.swift in Sources */ = {isa = PBXBuildFile; fileRef = 05252F5E2858011B0090B385 /* MitosisSettings.swift */; };
		05252F64285815D40090B385 /* SexSettingsViewController.swift in Sources */ = {isa = PBXBuildFile; fileRef = 05252F63285815D40090B385 /* SexSettingsViewController.swift */; };
		05252F66285815E30090B385 /* SexSettings.swift in Sources */ = {isa = PBXBuildFile; fileRef = 05252F65285815E30090B385 /* SexSettings.swift */; };
		05252F6C285819710090B385 /* SettingsViewController.xib in Resources */ = {isa = PBXBuildFile; fileRef = 05252F69285819710090B385 /* SettingsViewController.xib */; };
		05252F71285819A60090B385 /* PlantsSettingsViewController.swift in Sources */ = {isa = PBXBuildFile; fileRef = 05252F6D285819A60090B385 /* PlantsSettingsViewController.swift */; };
		05252F72285819A60090B385 /* PlantsSettings.swift in Sources */ = {isa = PBXBuildFile; fileRef = 05252F6E285819A60090B385 /* PlantsSettings.swift */; };
		05252F73285819A60090B385 /* MeatSettingsViewController.swift in Sources */ = {isa = PBXBuildFile; fileRef = 05252F6F285819A60090B385 /* MeatSettingsViewController.swift */; };
		05252F74285819A60090B385 /* MeatSettings.swift in Sources */ = {isa = PBXBuildFile; fileRef = 05252F70285819A60090B385 /* MeatSettings.swift */; };
		05252F7B285837AD0090B385 /* CreaturesSettingsViewController.swift in Sources */ = {isa = PBXBuildFile; fileRef = 05252F79285837AD0090B385 /* CreaturesSettingsViewController.swift */; };
		05252F7C285837AD0090B385 /* CreaturesSettings.swift in Sources */ = {isa = PBXBuildFile; fileRef = 05252F7A285837AD0090B385 /* CreaturesSettings.swift */; };
		053949E3285B97280077D90C /* LabelNode.swift in Sources */ = {isa = PBXBuildFile; fileRef = 053949E2285B97280077D90C /* LabelNode.swift */; };
		053949E5285BA7DC0077D90C /* AddGeneWindowController.swift in Sources */ = {isa = PBXBuildFile; fileRef = 053949E4285BA7DC0077D90C /* AddGeneWindowController.swift */; };
		053949E8285BA8110077D90C /* AddGeneWindowController.xib in Resources */ = {isa = PBXBuildFile; fileRef = 053949E6285BA8110077D90C /* AddGeneWindowController.xib */; };
		053949EC285CCFEA0077D90C /* FoodDetailViewController.swift in Sources */ = {isa = PBXBuildFile; fileRef = 053949EB285CCFEA0077D90C /* FoodDetailViewController.swift */; };
		053949EF285CD0420077D90C /* FoodDetailViewController.xib in Resources */ = {isa = PBXBuildFile; fileRef = 053949ED285CD0420077D90C /* FoodDetailViewController.xib */; };
		053949F1285CD22B0077D90C /* DetailViewController.swift in Sources */ = {isa = PBXBuildFile; fileRef = 053949F0285CD22B0077D90C /* DetailViewController.swift */; };
		053949F3285CD7320077D90C /* FoodEnergyTransformer.swift in Sources */ = {isa = PBXBuildFile; fileRef = 053949F2285CD7320077D90C /* FoodEnergyTransformer.swift */; };
		053949F8285EB8830077D90C /* DraggableView.swift in Sources */ = {isa = PBXBuildFile; fileRef = 053949F7285EB8830077D90C /* DraggableView.swift */; };
		053949FA285EBA9B0077D90C /* FlippedView.swift in Sources */ = {isa = PBXBuildFile; fileRef = 053949F9285EBA9B0077D90C /* FlippedView.swift */; };
		05394A07285F6DDC0077D90C /* StatsViewController.swift in Sources */ = {isa = PBXBuildFile; fileRef = 05394A06285F6DDC0077D90C /* StatsViewController.swift */; };
		05394A09285F6E460077D90C /* StatsViewController.xib in Resources */ = {isa = PBXBuildFile; fileRef = 05394A08285F6E460077D90C /* StatsViewController.xib */; };
		05394A0B285F761E0077D90C /* TimeTransformer.swift in Sources */ = {isa = PBXBuildFile; fileRef = 05394A0A285F761E0077D90C /* TimeTransformer.swift */; };
		05394A19285F7C3A0077D90C /* CreatureStatusChartViewController.swift in Sources */ = {isa = PBXBuildFile; fileRef = 05394A17285F7C3A0077D90C /* CreatureStatusChartViewController.swift */; };
		05394A1A285F7C3A0077D90C /* CreatureStatusChartViewController.xib in Resources */ = {isa = PBXBuildFile; fileRef = 05394A18285F7C3A0077D90C /* CreatureStatusChartViewController.xib */; };
		05394A1C285F7CFF0077D90C /* CreatureStatusChartView.swift in Sources */ = {isa = PBXBuildFile; fileRef = 05394A1B285F7CFF0077D90C /* CreatureStatusChartView.swift */; };
		05394A1E285F7D100077D90C /* CreatureStatusChartViewItem.swift in Sources */ = {isa = PBXBuildFile; fileRef = 05394A1D285F7D100077D90C /* CreatureStatusChartViewItem.swift */; };
		05394A20285F81370077D90C /* BadgeView.swift in Sources */ = {isa = PBXBuildFile; fileRef = 05394A1F285F81370077D90C /* BadgeView.swift */; };
		05394A30285F83470077D90C /* TableRowView.swift in Sources */ = {isa = PBXBuildFile; fileRef = 05394A2F285F83470077D90C /* TableRowView.swift */; };
		05394A32285FA5E00077D90C /* CreatureStatusGraphView.swift in Sources */ = {isa = PBXBuildFile; fileRef = 05394A31285FA5E00077D90C /* CreatureStatusGraphView.swift */; };
		05394A34285FAB600077D90C /* CreatureStatusItem.swift in Sources */ = {isa = PBXBuildFile; fileRef = 05394A33285FAB600077D90C /* CreatureStatusItem.swift */; };
		05394A382860009C0077D90C /* PreySense.swift in Sources */ = {isa = PBXBuildFile; fileRef = 05394A372860009C0077D90C /* PreySense.swift */; };
		05394A3A28607C1B0077D90C /* Speed.swift in Sources */ = {isa = PBXBuildFile; fileRef = 05394A3928607C1B0077D90C /* Speed.swift */; };
		05394A3C28607C700077D90C /* SpeedSettings.swift in Sources */ = {isa = PBXBuildFile; fileRef = 05394A3B28607C700077D90C /* SpeedSettings.swift */; };
		05394A51286086B90077D90C /* Preferences.swift in Sources */ = {isa = PBXBuildFile; fileRef = 05394A50286086B90077D90C /* Preferences.swift */; };
		05394A5628608C240077D90C /* SpeedSettingsViewController.swift in Sources */ = {isa = PBXBuildFile; fileRef = 05394A5528608C240077D90C /* SpeedSettingsViewController.swift */; };
		05394A5928608D950077D90C /* EventLog.swift in Sources */ = {isa = PBXBuildFile; fileRef = 05394A5828608D950077D90C /* EventLog.swift */; };
		05394A5B28608DC30077D90C /* Event.swift in Sources */ = {isa = PBXBuildFile; fileRef = 05394A5A28608DC30077D90C /* Event.swift */; };
		05394A5D286093DE0077D90C /* EventLogWindowController.swift in Sources */ = {isa = PBXBuildFile; fileRef = 05394A5C286093DE0077D90C /* EventLogWindowController.swift */; };
		05394A5F2860945F0077D90C /* EventLogWindowController.xib in Resources */ = {isa = PBXBuildFile; fileRef = 05394A5E2860945F0077D90C /* EventLogWindowController.xib */; };
		05394A742860DC370077D90C /* NameGenerator.swift in Sources */ = {isa = PBXBuildFile; fileRef = 05394A732860DC370077D90C /* NameGenerator.swift */; };
		05394A782860DD700077D90C /* names-female.txt in Resources */ = {isa = PBXBuildFile; fileRef = 05394A762860DD700077D90C /* names-female.txt */; };
		05394A792860DD700077D90C /* names-male.txt in Resources */ = {isa = PBXBuildFile; fileRef = 05394A772860DD700077D90C /* names-male.txt */; };
		05A334492862470F00905208 /* Rot.sks in Resources */ = {isa = PBXBuildFile; fileRef = 05A334472862470F00905208 /* Rot.sks */; };
		05A3346B2862620900905208 /* Heart.sks in Resources */ = {isa = PBXBuildFile; fileRef = 05A3346A2862620900905208 /* Heart.sks */; };
		05A334712862A47500905208 /* SettingsDoubleSliderViewController.swift in Sources */ = {isa = PBXBuildFile; fileRef = 05A334702862A47500905208 /* SettingsDoubleSliderViewController.swift */; };
		05A334762862B9D500905208 /* SettingsIntSliderViewController.swift in Sources */ = {isa = PBXBuildFile; fileRef = 05A334742862B9D500905208 /* SettingsIntSliderViewController.swift */; };
		05A334792862BA7F00905208 /* SettingsValueViewController.swift in Sources */ = {isa = PBXBuildFile; fileRef = 05A334782862BA7F00905208 /* SettingsValueViewController.swift */; };
		05A3347D2863240300905208 /* SettingsBoolViewController.swift in Sources */ = {isa = PBXBuildFile; fileRef = 05A3347C2863240300905208 /* SettingsBoolViewController.swift */; };
		05A334802863243300905208 /* SettingsBoolCheckboxViewController.xib in Resources */ = {isa = PBXBuildFile; fileRef = 05A3347E2863243300905208 /* SettingsBoolCheckboxViewController.xib */; };
		05A334812863243D00905208 /* SettingsSliderViewController.xib in Resources */ = {isa = PBXBuildFile; fileRef = 05A334832863243D00905208 /* SettingsSliderViewController.xib */; };
		05A334B0286346A400905208 /* SettingsBoolSwitchViewController.xib in Resources */ = {isa = PBXBuildFile; fileRef = 05A334AE286346A400905208 /* SettingsBoolSwitchViewController.xib */; };
		05A334B7286348A100905208 /* SettingsIntMenuViewController.swift in Sources */ = {isa = PBXBuildFile; fileRef = 05A334B6286348A100905208 /* SettingsIntMenuViewController.swift */; };
		05A334BA286348A900905208 /* SettingsIntMenuViewController.xib in Resources */ = {isa = PBXBuildFile; fileRef = 05A334B8286348A900905208 /* SettingsIntMenuViewController.xib */; };
		05A334BC2863863800905208 /* Combat.swift in Sources */ = {isa = PBXBuildFile; fileRef = 05A334BB2863863800905208 /* Combat.swift */; };
		05A334BE2863877600905208 /* CombatSettings.swift in Sources */ = {isa = PBXBuildFile; fileRef = 05A334BD2863877600905208 /* CombatSettings.swift */; };
		05A334C02863886B00905208 /* CombatSettingsViewController.swift in Sources */ = {isa = PBXBuildFile; fileRef = 05A334BF2863886B00905208 /* CombatSettingsViewController.swift */; };
		05B8A35628616034007870B3 /* Assets.xcassets in Resources */ = {isa = PBXBuildFile; fileRef = 05B8A35528616034007870B3 /* Assets.xcassets */; };
		05B8A3622861F2F3007870B3 /* Credit.swift in Sources */ = {isa = PBXBuildFile; fileRef = 05B8A35B2861F2F3007870B3 /* Credit.swift */; };
		05B8A3632861F2F3007870B3 /* CreditsWindowController.swift in Sources */ = {isa = PBXBuildFile; fileRef = 05B8A35C2861F2F3007870B3 /* CreditsWindowController.swift */; };
		05B8A3642861F2F3007870B3 /* CreditViewController.swift in Sources */ = {isa = PBXBuildFile; fileRef = 05B8A35D2861F2F3007870B3 /* CreditViewController.swift */; };
		05B8A3652861F2F3007870B3 /* CreditsWindowController.xib in Resources */ = {isa = PBXBuildFile; fileRef = 05B8A35E2861F2F3007870B3 /* CreditsWindowController.xib */; };
		05B8A3662861F2F3007870B3 /* CreditViewController.xib in Resources */ = {isa = PBXBuildFile; fileRef = 05B8A3602861F2F3007870B3 /* CreditViewController.xib */; };
/* End PBXBuildFile section */

/* Begin PBXFileReference section */
		05102037285A165900F11184 /* VampireSettings.swift */ = {isa = PBXFileReference; fileEncoding = 4; lastKnownFileType = sourcecode.swift; path = VampireSettings.swift; sourceTree = "<group>"; };
		05102038285A165900F11184 /* VampireSettingsViewController.swift */ = {isa = PBXFileReference; fileEncoding = 4; lastKnownFileType = sourcecode.swift; path = VampireSettingsViewController.swift; sourceTree = "<group>"; };
		05102059285A192800F11184 /* PredatorSenseSettingsViewController.swift */ = {isa = PBXFileReference; fileEncoding = 4; lastKnownFileType = sourcecode.swift; path = PredatorSenseSettingsViewController.swift; sourceTree = "<group>"; };
		0510205A285A192800F11184 /* MeatSenseSettings.swift */ = {isa = PBXFileReference; fileEncoding = 4; lastKnownFileType = sourcecode.swift; path = MeatSenseSettings.swift; sourceTree = "<group>"; };
		0510205B285A192800F11184 /* PredatorSettings.swift */ = {isa = PBXFileReference; fileEncoding = 4; lastKnownFileType = sourcecode.swift; path = PredatorSettings.swift; sourceTree = "<group>"; };
		0510205C285A192800F11184 /* PlantSenseSettings.swift */ = {isa = PBXFileReference; fileEncoding = 4; lastKnownFileType = sourcecode.swift; path = PlantSenseSettings.swift; sourceTree = "<group>"; };
		0510205D285A192800F11184 /* ScavengerSettingsViewController.swift */ = {isa = PBXFileReference; fileEncoding = 4; lastKnownFileType = sourcecode.swift; path = ScavengerSettingsViewController.swift; sourceTree = "<group>"; };
		0510205E285A192800F11184 /* MeatSenseSettingsViewController.swift */ = {isa = PBXFileReference; fileEncoding = 4; lastKnownFileType = sourcecode.swift; path = MeatSenseSettingsViewController.swift; sourceTree = "<group>"; };
		0510205F285A192800F11184 /* PlantSenseSettingsViewController.swift */ = {isa = PBXFileReference; fileEncoding = 4; lastKnownFileType = sourcecode.swift; path = PlantSenseSettingsViewController.swift; sourceTree = "<group>"; };
		05102060285A192800F11184 /* PredatorSenseSettings.swift */ = {isa = PBXFileReference; fileEncoding = 4; lastKnownFileType = sourcecode.swift; path = PredatorSenseSettings.swift; sourceTree = "<group>"; };
		05102061285A192800F11184 /* HerbivoreSettings.swift */ = {isa = PBXFileReference; fileEncoding = 4; lastKnownFileType = sourcecode.swift; path = HerbivoreSettings.swift; sourceTree = "<group>"; };
		05102062285A192800F11184 /* PredatorSettingsViewController.swift */ = {isa = PBXFileReference; fileEncoding = 4; lastKnownFileType = sourcecode.swift; path = PredatorSettingsViewController.swift; sourceTree = "<group>"; };
		05102063285A192800F11184 /* HerbivoreSettingsViewController.swift */ = {isa = PBXFileReference; fileEncoding = 4; lastKnownFileType = sourcecode.swift; path = HerbivoreSettingsViewController.swift; sourceTree = "<group>"; };
		05102064285A192800F11184 /* ScavengerSettings.swift */ = {isa = PBXFileReference; fileEncoding = 4; lastKnownFileType = sourcecode.swift; path = ScavengerSettings.swift; sourceTree = "<group>"; };
		05102065285A192800F11184 /* SexSenseSettingsViewController.swift */ = {isa = PBXFileReference; fileEncoding = 4; lastKnownFileType = sourcecode.swift; path = SexSenseSettingsViewController.swift; sourceTree = "<group>"; };
		05102066285A192800F11184 /* SexSenseSettings.swift */ = {isa = PBXFileReference; fileEncoding = 4; lastKnownFileType = sourcecode.swift; path = SexSenseSettings.swift; sourceTree = "<group>"; };
		05102067285A192800F11184 /* VampireSenseSettings.swift */ = {isa = PBXFileReference; fileEncoding = 4; lastKnownFileType = sourcecode.swift; path = VampireSenseSettings.swift; sourceTree = "<group>"; };
		05102068285A192800F11184 /* VampireSenseSettingsViewController.swift */ = {isa = PBXFileReference; fileEncoding = 4; lastKnownFileType = sourcecode.swift; path = VampireSenseSettingsViewController.swift; sourceTree = "<group>"; };
		05102079285A85F500F11184 /* CannibalSettingsViewController.swift */ = {isa = PBXFileReference; fileEncoding = 4; lastKnownFileType = sourcecode.swift; path = CannibalSettingsViewController.swift; sourceTree = "<group>"; };
		0510207A285A85F500F11184 /* CannibalSettings.swift */ = {isa = PBXFileReference; fileEncoding = 4; lastKnownFileType = sourcecode.swift; path = CannibalSettings.swift; sourceTree = "<group>"; };
		0510207D285A88F800F11184 /* PreySenseSettings.swift */ = {isa = PBXFileReference; fileEncoding = 4; lastKnownFileType = sourcecode.swift; path = PreySenseSettings.swift; sourceTree = "<group>"; };
		0510207E285A88F800F11184 /* PreySenseSettingsViewController.swift */ = {isa = PBXFileReference; fileEncoding = 4; lastKnownFileType = sourcecode.swift; path = PreySenseSettingsViewController.swift; sourceTree = "<group>"; };
		0510208B285AA13A00F11184 /* Constants.swift */ = {isa = PBXFileReference; lastKnownFileType = sourcecode.swift; path = Constants.swift; sourceTree = "<group>"; };
		0510208D285AAE2300F11184 /* CreatureDetailViewController.swift */ = {isa = PBXFileReference; lastKnownFileType = sourcecode.swift; path = CreatureDetailViewController.swift; sourceTree = "<group>"; };
		0510208F285AAF0100F11184 /* BackgroundView.swift */ = {isa = PBXFileReference; lastKnownFileType = sourcecode.swift; path = BackgroundView.swift; sourceTree = "<group>"; };
		05102092285AAF6700F11184 /* Base */ = {isa = PBXFileReference; lastKnownFileType = file.xib; name = Base; path = Base.lproj/CreatureDetailViewController.xib; sourceTree = "<group>"; };
		05102094285ABD1000F11184 /* Destination.swift */ = {isa = PBXFileReference; lastKnownFileType = sourcecode.swift; path = Destination.swift; sourceTree = "<group>"; };
		051020B2285B54D800F11184 /* BooleanTransformer.swift */ = {isa = PBXFileReference; lastKnownFileType = sourcecode.swift; path = BooleanTransformer.swift; sourceTree = "<group>"; };
		051020B4285B558F00F11184 /* NegateBooleanTransformer.swift */ = {isa = PBXFileReference; lastKnownFileType = sourcecode.swift; path = NegateBooleanTransformer.swift; sourceTree = "<group>"; };
		051020BA285B6B8400F11184 /* CreatureEnergyTransformer.swift */ = {isa = PBXFileReference; lastKnownFileType = sourcecode.swift; path = CreatureEnergyTransformer.swift; sourceTree = "<group>"; };
		051020BC285B6BF100F11184 /* StatusTransformer.swift */ = {isa = PBXFileReference; lastKnownFileType = sourcecode.swift; path = StatusTransformer.swift; sourceTree = "<group>"; };
		051020CA285B6DDB00F11184 /* WorldSettings.swift */ = {isa = PBXFileReference; fileEncoding = 4; lastKnownFileType = sourcecode.swift; path = WorldSettings.swift; sourceTree = "<group>"; };
		051020CF285B6E6500F11184 /* WorldSettingsViewController.swift */ = {isa = PBXFileReference; fileEncoding = 4; lastKnownFileType = sourcecode.swift; path = WorldSettingsViewController.swift; sourceTree = "<group>"; };
		051020DF285B79AF00F11184 /* ClassTransformer.swift */ = {isa = PBXFileReference; lastKnownFileType = sourcecode.swift; path = ClassTransformer.swift; sourceTree = "<group>"; };
		05102101285B8EF400F11184 /* NameTransformer.swift */ = {isa = PBXFileReference; lastKnownFileType = sourcecode.swift; path = NameTransformer.swift; sourceTree = "<group>"; };
		05102103285B8FF200F11184 /* EditNameWindowController.swift */ = {isa = PBXFileReference; lastKnownFileType = sourcecode.swift; path = EditNameWindowController.swift; sourceTree = "<group>"; };
		05102106285B902600F11184 /* Base */ = {isa = PBXFileReference; lastKnownFileType = file.xib; name = Base; path = Base.lproj/EditNameWindowController.xib; sourceTree = "<group>"; };
		051A333F2861F9B3001B605D /* License-Creatures.txt */ = {isa = PBXFileReference; fileEncoding = 4; lastKnownFileType = text; path = "License-Creatures.txt"; sourceTree = "<group>"; };
		051A33402861F9B3001B605D /* License-NameCorpus.txt */ = {isa = PBXFileReference; fileEncoding = 4; lastKnownFileType = text; path = "License-NameCorpus.txt"; sourceTree = "<group>"; };
		051A33432862075A001B605D /* Bundle.swift */ = {isa = PBXFileReference; lastKnownFileType = sourcecode.swift; path = Bundle.swift; sourceTree = "<group>"; };
		05252E3F2854DEF70090B385 /* Creatures.app */ = {isa = PBXFileReference; explicitFileType = wrapper.application; includeInIndex = 0; path = Creatures.app; sourceTree = BUILT_PRODUCTS_DIR; };
		05252E492854DEF80090B385 /* Creatures.entitlements */ = {isa = PBXFileReference; lastKnownFileType = text.plist.entitlements; path = Creatures.entitlements; sourceTree = "<group>"; };
		05252E512854DF410090B385 /* Base */ = {isa = PBXFileReference; lastKnownFileType = file.xib; name = Base; path = Base.lproj/MainMenu.xib; sourceTree = "<group>"; };
		05252E532854DF410090B385 /* ApplicationDelegate.swift */ = {isa = PBXFileReference; fileEncoding = 4; lastKnownFileType = sourcecode.swift; path = ApplicationDelegate.swift; sourceTree = "<group>"; };
		05252E562854DFB50090B385 /* MainWindowController.swift */ = {isa = PBXFileReference; lastKnownFileType = sourcecode.swift; path = MainWindowController.swift; sourceTree = "<group>"; };
		05252E592854DFE80090B385 /* Base */ = {isa = PBXFileReference; lastKnownFileType = file.xib; name = Base; path = Base.lproj/MainWindowController.xib; sourceTree = "<group>"; };
		05252E5B2854E0360090B385 /* AboutWindowController.swift */ = {isa = PBXFileReference; fileEncoding = 4; lastKnownFileType = sourcecode.swift; path = AboutWindowController.swift; sourceTree = "<group>"; };
		05252E5E2854E0510090B385 /* Base */ = {isa = PBXFileReference; lastKnownFileType = file.xib; name = Base; path = Base.lproj/AboutWindowController.xib; sourceTree = "<group>"; };
		05252E602854E0D50090B385 /* Info.plist */ = {isa = PBXFileReference; fileEncoding = 4; lastKnownFileType = text.plist.xml; path = Info.plist; sourceTree = "<group>"; };
		05252E642854E1F20090B385 /* CODE_OF_CONDUCT.md */ = {isa = PBXFileReference; lastKnownFileType = net.daringfireball.markdown; path = CODE_OF_CONDUCT.md; sourceTree = "<group>"; };
		05252E652854E1F20090B385 /* Release - ccache.xcconfig */ = {isa = PBXFileReference; lastKnownFileType = text.xcconfig; path = "Release - ccache.xcconfig"; sourceTree = "<group>"; };
		05252E662854E1F20090B385 /* Common.xcconfig */ = {isa = PBXFileReference; lastKnownFileType = text.xcconfig; path = Common.xcconfig; sourceTree = "<group>"; };
		05252E672854E1F20090B385 /* Debug - ccache.xcconfig */ = {isa = PBXFileReference; lastKnownFileType = text.xcconfig; path = "Debug - ccache.xcconfig"; sourceTree = "<group>"; };
		05252E682854E1F20090B385 /* Debug.xcconfig */ = {isa = PBXFileReference; lastKnownFileType = text.xcconfig; path = Debug.xcconfig; sourceTree = "<group>"; };
		05252E692854E1F20090B385 /* Release.xcconfig */ = {isa = PBXFileReference; lastKnownFileType = text.xcconfig; path = Release.xcconfig; sourceTree = "<group>"; };
		05252E6A2854E1F20090B385 /* README.md */ = {isa = PBXFileReference; lastKnownFileType = net.daringfireball.markdown; path = README.md; sourceTree = "<group>"; };
		05252E6B2854E1F20090B385 /* Release - Library.xcconfig */ = {isa = PBXFileReference; lastKnownFileType = text.xcconfig; path = "Release - Library.xcconfig"; sourceTree = "<group>"; };
		05252E6D2854E1F20090B385 /* Signing.xcconfig */ = {isa = PBXFileReference; lastKnownFileType = text.xcconfig; path = Signing.xcconfig; sourceTree = "<group>"; };
		05252E6E2854E1F20090B385 /* Architectures.xcconfig */ = {isa = PBXFileReference; lastKnownFileType = text.xcconfig; path = Architectures.xcconfig; sourceTree = "<group>"; };
		05252E702854E1F20090B385 /* Issues.xcconfig */ = {isa = PBXFileReference; lastKnownFileType = text.xcconfig; path = Issues.xcconfig; sourceTree = "<group>"; };
		05252E722854E1F20090B385 /* Apple-APIs.xcconfig */ = {isa = PBXFileReference; lastKnownFileType = text.xcconfig; path = "Apple-APIs.xcconfig"; sourceTree = "<group>"; };
		05252E732854E1F20090B385 /* Generic-Issues.xcconfig */ = {isa = PBXFileReference; lastKnownFileType = text.xcconfig; path = "Generic-Issues.xcconfig"; sourceTree = "<group>"; };
		05252E742854E1F20090B385 /* Security.xcconfig */ = {isa = PBXFileReference; lastKnownFileType = text.xcconfig; path = Security.xcconfig; sourceTree = "<group>"; };
		05252E752854E1F20090B385 /* Objective-C.xcconfig */ = {isa = PBXFileReference; lastKnownFileType = text.xcconfig; path = "Objective-C.xcconfig"; sourceTree = "<group>"; };
		05252E762854E1F20090B385 /* Analysis-Policy.xcconfig */ = {isa = PBXFileReference; lastKnownFileType = text.xcconfig; path = "Analysis-Policy.xcconfig"; sourceTree = "<group>"; };
		05252E772854E1F20090B385 /* Deployment.xcconfig */ = {isa = PBXFileReference; lastKnownFileType = text.xcconfig; path = Deployment.xcconfig; sourceTree = "<group>"; };
		05252E782854E1F20090B385 /* Build-Options.xcconfig */ = {isa = PBXFileReference; lastKnownFileType = text.xcconfig; path = "Build-Options.xcconfig"; sourceTree = "<group>"; };
		05252E792854E1F20090B385 /* Swift-Compiler.xcconfig */ = {isa = PBXFileReference; lastKnownFileType = text.xcconfig; path = "Swift-Compiler.xcconfig"; sourceTree = "<group>"; };
		05252E7A2854E1F20090B385 /* Static-Analyzer.xcconfig */ = {isa = PBXFileReference; lastKnownFileType = text.xcconfig; path = "Static-Analyzer.xcconfig"; sourceTree = "<group>"; };
		05252E7C2854E1F20090B385 /* Warnings-Policies.xcconfig */ = {isa = PBXFileReference; lastKnownFileType = text.xcconfig; path = "Warnings-Policies.xcconfig"; sourceTree = "<group>"; };
		05252E7D2854E1F20090B385 /* Code-Generation.xcconfig */ = {isa = PBXFileReference; lastKnownFileType = text.xcconfig; path = "Code-Generation.xcconfig"; sourceTree = "<group>"; };
		05252E7E2854E1F20090B385 /* Language.xcconfig */ = {isa = PBXFileReference; lastKnownFileType = text.xcconfig; path = Language.xcconfig; sourceTree = "<group>"; };
		05252E7F2854E1F20090B385 /* General.xcconfig */ = {isa = PBXFileReference; lastKnownFileType = text.xcconfig; path = General.xcconfig; sourceTree = "<group>"; };
		05252E802854E1F20090B385 /* Search-Paths.xcconfig */ = {isa = PBXFileReference; lastKnownFileType = text.xcconfig; path = "Search-Paths.xcconfig"; sourceTree = "<group>"; };
		05252E812854E1F20090B385 /* Apple-LLVM.xcconfig */ = {isa = PBXFileReference; lastKnownFileType = text.xcconfig; path = "Apple-LLVM.xcconfig"; sourceTree = "<group>"; };
		05252E842854E1F20090B385 /* Modules.xcconfig */ = {isa = PBXFileReference; lastKnownFileType = text.xcconfig; path = Modules.xcconfig; sourceTree = "<group>"; };
		05252E852854E1F20090B385 /* Objective-C.xcconfig */ = {isa = PBXFileReference; lastKnownFileType = text.xcconfig; path = "Objective-C.xcconfig"; sourceTree = "<group>"; };
		05252E862854E1F20090B385 /* C++.xcconfig */ = {isa = PBXFileReference; lastKnownFileType = text.xcconfig; path = "C++.xcconfig"; sourceTree = "<group>"; };
		05252E872854E1F20090B385 /* Code-Generation.xcconfig */ = {isa = PBXFileReference; lastKnownFileType = text.xcconfig; path = "Code-Generation.xcconfig"; sourceTree = "<group>"; };
		05252E882854E1F20090B385 /* Address-Sanitizer.xcconfig */ = {isa = PBXFileReference; lastKnownFileType = text.xcconfig; path = "Address-Sanitizer.xcconfig"; sourceTree = "<group>"; };
		05252E892854E1F20090B385 /* Language.xcconfig */ = {isa = PBXFileReference; lastKnownFileType = text.xcconfig; path = Language.xcconfig; sourceTree = "<group>"; };
		05252E8A2854E1F20090B385 /* Warnings.xcconfig */ = {isa = PBXFileReference; lastKnownFileType = text.xcconfig; path = Warnings.xcconfig; sourceTree = "<group>"; };
		05252E8B2854E1F20090B385 /* Undefined-Behavior-Sanitizer.xcconfig */ = {isa = PBXFileReference; lastKnownFileType = text.xcconfig; path = "Undefined-Behavior-Sanitizer.xcconfig"; sourceTree = "<group>"; };
		05252E8C2854E1F20090B385 /* Warning-Policies.xcconfig */ = {isa = PBXFileReference; lastKnownFileType = text.xcconfig; path = "Warning-Policies.xcconfig"; sourceTree = "<group>"; };
		05252E8E2854E1F20090B385 /* Objective-C-ARC.xcconfig */ = {isa = PBXFileReference; lastKnownFileType = text.xcconfig; path = "Objective-C-ARC.xcconfig"; sourceTree = "<group>"; };
		05252E8F2854E1F20090B385 /* Objective-C.xcconfig */ = {isa = PBXFileReference; lastKnownFileType = text.xcconfig; path = "Objective-C.xcconfig"; sourceTree = "<group>"; };
		05252E902854E1F20090B385 /* C++.xcconfig */ = {isa = PBXFileReference; lastKnownFileType = text.xcconfig; path = "C++.xcconfig"; sourceTree = "<group>"; };
		05252E912854E1F20090B385 /* All-Languages.xcconfig */ = {isa = PBXFileReference; lastKnownFileType = text.xcconfig; path = "All-Languages.xcconfig"; sourceTree = "<group>"; };
		05252E922854E1F20090B385 /* Preprocessing.xcconfig */ = {isa = PBXFileReference; lastKnownFileType = text.xcconfig; path = Preprocessing.xcconfig; sourceTree = "<group>"; };
		05252E932854E1F20090B385 /* Debug - Library.xcconfig */ = {isa = PBXFileReference; lastKnownFileType = text.xcconfig; path = "Debug - Library.xcconfig"; sourceTree = "<group>"; };
		05252E942854E1F20090B385 /* .gitignore */ = {isa = PBXFileReference; lastKnownFileType = text; path = .gitignore; sourceTree = "<group>"; };
		05252E962854E1F20090B385 /* ccache-config.sh */ = {isa = PBXFileReference; lastKnownFileType = text.script.sh; path = "ccache-config.sh"; sourceTree = "<group>"; };
		05252E972854E1F20090B385 /* ccache.sh */ = {isa = PBXFileReference; lastKnownFileType = text.script.sh; path = ccache.sh; sourceTree = "<group>"; };
		05252E992854E1F20090B385 /* FUNDING.yml */ = {isa = PBXFileReference; lastKnownFileType = text.yaml; path = FUNDING.yml; sourceTree = "<group>"; };
		05252E9A2854E1F20090B385 /* Debug - zld.xcconfig */ = {isa = PBXFileReference; lastKnownFileType = text.xcconfig; path = "Debug - zld.xcconfig"; sourceTree = "<group>"; };
		05252E9F2854E38B0090B385 /* Scene.swift */ = {isa = PBXFileReference; lastKnownFileType = sourcecode.swift; path = Scene.swift; sourceTree = "<group>"; };
		05252EA42854E9180090B385 /* Gene.swift */ = {isa = PBXFileReference; lastKnownFileType = sourcecode.swift; path = Gene.swift; sourceTree = "<group>"; };
		05252EA62854E9210090B385 /* Food.swift */ = {isa = PBXFileReference; lastKnownFileType = sourcecode.swift; path = Food.swift; sourceTree = "<group>"; };
		05252EA82854E9290090B385 /* Plant.swift */ = {isa = PBXFileReference; lastKnownFileType = sourcecode.swift; path = Plant.swift; sourceTree = "<group>"; };
		05252EAA2854E9310090B385 /* Meat.swift */ = {isa = PBXFileReference; lastKnownFileType = sourcecode.swift; path = Meat.swift; sourceTree = "<group>"; };
		05252EAC2854E94B0090B385 /* Herbivore.swift */ = {isa = PBXFileReference; lastKnownFileType = sourcecode.swift; path = Herbivore.swift; sourceTree = "<group>"; };
		05252EAE2854E9540090B385 /* Scavenger.swift */ = {isa = PBXFileReference; lastKnownFileType = sourcecode.swift; path = Scavenger.swift; sourceTree = "<group>"; };
		05252EB02854E95D0090B385 /* Predator.swift */ = {isa = PBXFileReference; lastKnownFileType = sourcecode.swift; path = Predator.swift; sourceTree = "<group>"; };
		05252EB22854E9640090B385 /* Cannibal.swift */ = {isa = PBXFileReference; lastKnownFileType = sourcecode.swift; path = Cannibal.swift; sourceTree = "<group>"; };
		05252EB42854E9690090B385 /* Vampire.swift */ = {isa = PBXFileReference; lastKnownFileType = sourcecode.swift; path = Vampire.swift; sourceTree = "<group>"; };
		05252EB62854E96F0090B385 /* Mitosis.swift */ = {isa = PBXFileReference; lastKnownFileType = sourcecode.swift; path = Mitosis.swift; sourceTree = "<group>"; };
		05252EB82854E9740090B385 /* Sex.swift */ = {isa = PBXFileReference; lastKnownFileType = sourcecode.swift; path = Sex.swift; sourceTree = "<group>"; };
		05252EBA2854E9830090B385 /* VampireSense.swift */ = {isa = PBXFileReference; lastKnownFileType = sourcecode.swift; path = VampireSense.swift; sourceTree = "<group>"; };
		05252EBC2854E9900090B385 /* PredatorSense.swift */ = {isa = PBXFileReference; lastKnownFileType = sourcecode.swift; path = PredatorSense.swift; sourceTree = "<group>"; };
		05252EBE2854E9A10090B385 /* PlantSense.swift */ = {isa = PBXFileReference; lastKnownFileType = sourcecode.swift; path = PlantSense.swift; sourceTree = "<group>"; };
		05252EC02854EA400090B385 /* Creature.swift */ = {isa = PBXFileReference; lastKnownFileType = sourcecode.swift; path = Creature.swift; sourceTree = "<group>"; };
		05252EC22854EA590090B385 /* Updatable.swift */ = {isa = PBXFileReference; lastKnownFileType = sourcecode.swift; path = Updatable.swift; sourceTree = "<group>"; };
		05252EC62854F4220090B385 /* Settings.swift */ = {isa = PBXFileReference; lastKnownFileType = sourcecode.swift; path = Settings.swift; sourceTree = "<group>"; };
		05252ECA285521B20090B385 /* SpriteNode.swift */ = {isa = PBXFileReference; lastKnownFileType = sourcecode.swift; path = SpriteNode.swift; sourceTree = "<group>"; };
		05252ED0285580190090B385 /* EvolutionHelper.swift */ = {isa = PBXFileReference; lastKnownFileType = sourcecode.swift; path = EvolutionHelper.swift; sourceTree = "<group>"; };
		05252EEB28558A0B0090B385 /* NSPoint.swift */ = {isa = PBXFileReference; lastKnownFileType = sourcecode.swift; path = NSPoint.swift; sourceTree = "<group>"; };
		05252F00285591E90090B385 /* MeatSense.swift */ = {isa = PBXFileReference; lastKnownFileType = sourcecode.swift; path = MeatSense.swift; sourceTree = "<group>"; };
		05252F02285592B90090B385 /* SexSense.swift */ = {isa = PBXFileReference; lastKnownFileType = sourcecode.swift; path = SexSense.swift; sourceTree = "<group>"; };
		05252F04285599DD0090B385 /* Weak.swift */ = {isa = PBXFileReference; lastKnownFileType = sourcecode.swift; path = Weak.swift; sourceTree = "<group>"; };
		05252F082855E1F40090B385 /* Base */ = {isa = PBXFileReference; lastKnownFileType = file.xib; name = Base; path = Base.lproj/SettingsWindowController.xib; sourceTree = "<group>"; };
		05252F0B2855E2100090B385 /* SettingsWindowController.swift */ = {isa = PBXFileReference; lastKnownFileType = sourcecode.swift; path = SettingsWindowController.swift; sourceTree = "<group>"; };
		05252F0D2855EAE80090B385 /* SettingsItem.swift */ = {isa = PBXFileReference; lastKnownFileType = sourcecode.swift; path = SettingsItem.swift; sourceTree = "<group>"; };
		05252F512857FBEC0090B385 /* MitosisSettingsViewController.swift */ = {isa = PBXFileReference; lastKnownFileType = sourcecode.swift; path = MitosisSettingsViewController.swift; sourceTree = "<group>"; };
		05252F532857FCF70090B385 /* NSView.swift */ = {isa = PBXFileReference; lastKnownFileType = sourcecode.swift; path = NSView.swift; sourceTree = "<group>"; };
		05252F5C2857FF3C0090B385 /* SettingsViewController.swift */ = {isa = PBXFileReference; lastKnownFileType = sourcecode.swift; path = SettingsViewController.swift; sourceTree = "<group>"; };
		05252F5E2858011B0090B385 /* MitosisSettings.swift */ = {isa = PBXFileReference; lastKnownFileType = sourcecode.swift; path = MitosisSettings.swift; sourceTree = "<group>"; };
		05252F63285815D40090B385 /* SexSettingsViewController.swift */ = {isa = PBXFileReference; lastKnownFileType = sourcecode.swift; path = SexSettingsViewController.swift; sourceTree = "<group>"; };
		05252F65285815E30090B385 /* SexSettings.swift */ = {isa = PBXFileReference; lastKnownFileType = sourcecode.swift; path = SexSettings.swift; sourceTree = "<group>"; };
		05252F6A285819710090B385 /* Base */ = {isa = PBXFileReference; lastKnownFileType = file.xib; name = Base; path = Base.lproj/SettingsViewController.xib; sourceTree = "<group>"; };
		05252F6D285819A60090B385 /* PlantsSettingsViewController.swift */ = {isa = PBXFileReference; fileEncoding = 4; lastKnownFileType = sourcecode.swift; path = PlantsSettingsViewController.swift; sourceTree = "<group>"; };
		05252F6E285819A60090B385 /* PlantsSettings.swift */ = {isa = PBXFileReference; fileEncoding = 4; lastKnownFileType = sourcecode.swift; path = PlantsSettings.swift; sourceTree = "<group>"; };
		05252F6F285819A60090B385 /* MeatSettingsViewController.swift */ = {isa = PBXFileReference; fileEncoding = 4; lastKnownFileType = sourcecode.swift; path = MeatSettingsViewController.swift; sourceTree = "<group>"; };
		05252F70285819A60090B385 /* MeatSettings.swift */ = {isa = PBXFileReference; fileEncoding = 4; lastKnownFileType = sourcecode.swift; path = MeatSettings.swift; sourceTree = "<group>"; };
		05252F79285837AD0090B385 /* CreaturesSettingsViewController.swift */ = {isa = PBXFileReference; fileEncoding = 4; lastKnownFileType = sourcecode.swift; path = CreaturesSettingsViewController.swift; sourceTree = "<group>"; };
		05252F7A285837AD0090B385 /* CreaturesSettings.swift */ = {isa = PBXFileReference; fileEncoding = 4; lastKnownFileType = sourcecode.swift; path = CreaturesSettings.swift; sourceTree = "<group>"; };
		053949E2285B97280077D90C /* LabelNode.swift */ = {isa = PBXFileReference; lastKnownFileType = sourcecode.swift; path = LabelNode.swift; sourceTree = "<group>"; };
		053949E4285BA7DC0077D90C /* AddGeneWindowController.swift */ = {isa = PBXFileReference; lastKnownFileType = sourcecode.swift; path = AddGeneWindowController.swift; sourceTree = "<group>"; };
		053949E7285BA8110077D90C /* Base */ = {isa = PBXFileReference; lastKnownFileType = file.xib; name = Base; path = Base.lproj/AddGeneWindowController.xib; sourceTree = "<group>"; };
		053949EB285CCFEA0077D90C /* FoodDetailViewController.swift */ = {isa = PBXFileReference; lastKnownFileType = sourcecode.swift; path = FoodDetailViewController.swift; sourceTree = "<group>"; };
		053949EE285CD0420077D90C /* Base */ = {isa = PBXFileReference; lastKnownFileType = file.xib; name = Base; path = Base.lproj/FoodDetailViewController.xib; sourceTree = "<group>"; };
		053949F0285CD22B0077D90C /* DetailViewController.swift */ = {isa = PBXFileReference; lastKnownFileType = sourcecode.swift; path = DetailViewController.swift; sourceTree = "<group>"; };
		053949F2285CD7320077D90C /* FoodEnergyTransformer.swift */ = {isa = PBXFileReference; lastKnownFileType = sourcecode.swift; path = FoodEnergyTransformer.swift; sourceTree = "<group>"; };
		053949F7285EB8830077D90C /* DraggableView.swift */ = {isa = PBXFileReference; lastKnownFileType = sourcecode.swift; path = DraggableView.swift; sourceTree = "<group>"; };
		053949F9285EBA9B0077D90C /* FlippedView.swift */ = {isa = PBXFileReference; lastKnownFileType = sourcecode.swift; path = FlippedView.swift; sourceTree = "<group>"; };
		05394A06285F6DDC0077D90C /* StatsViewController.swift */ = {isa = PBXFileReference; lastKnownFileType = sourcecode.swift; path = StatsViewController.swift; sourceTree = "<group>"; };
		05394A08285F6E460077D90C /* StatsViewController.xib */ = {isa = PBXFileReference; lastKnownFileType = file.xib; path = StatsViewController.xib; sourceTree = "<group>"; };
		05394A0A285F761E0077D90C /* TimeTransformer.swift */ = {isa = PBXFileReference; lastKnownFileType = sourcecode.swift; path = TimeTransformer.swift; sourceTree = "<group>"; };
		05394A17285F7C3A0077D90C /* CreatureStatusChartViewController.swift */ = {isa = PBXFileReference; fileEncoding = 4; lastKnownFileType = sourcecode.swift; path = CreatureStatusChartViewController.swift; sourceTree = "<group>"; };
		05394A18285F7C3A0077D90C /* CreatureStatusChartViewController.xib */ = {isa = PBXFileReference; fileEncoding = 4; lastKnownFileType = file.xib; path = CreatureStatusChartViewController.xib; sourceTree = "<group>"; };
		05394A1B285F7CFF0077D90C /* CreatureStatusChartView.swift */ = {isa = PBXFileReference; lastKnownFileType = sourcecode.swift; path = CreatureStatusChartView.swift; sourceTree = "<group>"; };
		05394A1D285F7D100077D90C /* CreatureStatusChartViewItem.swift */ = {isa = PBXFileReference; lastKnownFileType = sourcecode.swift; path = CreatureStatusChartViewItem.swift; sourceTree = "<group>"; };
		05394A1F285F81370077D90C /* BadgeView.swift */ = {isa = PBXFileReference; lastKnownFileType = sourcecode.swift; path = BadgeView.swift; sourceTree = "<group>"; };
		05394A2F285F83470077D90C /* TableRowView.swift */ = {isa = PBXFileReference; lastKnownFileType = sourcecode.swift; path = TableRowView.swift; sourceTree = "<group>"; };
		05394A31285FA5E00077D90C /* CreatureStatusGraphView.swift */ = {isa = PBXFileReference; lastKnownFileType = sourcecode.swift; path = CreatureStatusGraphView.swift; sourceTree = "<group>"; };
		05394A33285FAB600077D90C /* CreatureStatusItem.swift */ = {isa = PBXFileReference; lastKnownFileType = sourcecode.swift; path = CreatureStatusItem.swift; sourceTree = "<group>"; };
		05394A372860009C0077D90C /* PreySense.swift */ = {isa = PBXFileReference; lastKnownFileType = sourcecode.swift; path = PreySense.swift; sourceTree = "<group>"; };
		05394A3928607C1B0077D90C /* Speed.swift */ = {isa = PBXFileReference; lastKnownFileType = sourcecode.swift; path = Speed.swift; sourceTree = "<group>"; };
		05394A3B28607C700077D90C /* SpeedSettings.swift */ = {isa = PBXFileReference; lastKnownFileType = sourcecode.swift; path = SpeedSettings.swift; sourceTree = "<group>"; };
		05394A50286086B90077D90C /* Preferences.swift */ = {isa = PBXFileReference; fileEncoding = 4; lastKnownFileType = sourcecode.swift; path = Preferences.swift; sourceTree = "<group>"; };
		05394A5528608C240077D90C /* SpeedSettingsViewController.swift */ = {isa = PBXFileReference; fileEncoding = 4; lastKnownFileType = sourcecode.swift; path = SpeedSettingsViewController.swift; sourceTree = "<group>"; };
		05394A5828608D950077D90C /* EventLog.swift */ = {isa = PBXFileReference; lastKnownFileType = sourcecode.swift; path = EventLog.swift; sourceTree = "<group>"; };
		05394A5A28608DC30077D90C /* Event.swift */ = {isa = PBXFileReference; lastKnownFileType = sourcecode.swift; path = Event.swift; sourceTree = "<group>"; };
		05394A5C286093DE0077D90C /* EventLogWindowController.swift */ = {isa = PBXFileReference; lastKnownFileType = sourcecode.swift; path = EventLogWindowController.swift; sourceTree = "<group>"; };
		05394A5E2860945F0077D90C /* EventLogWindowController.xib */ = {isa = PBXFileReference; lastKnownFileType = file.xib; path = EventLogWindowController.xib; sourceTree = "<group>"; };
		05394A732860DC370077D90C /* NameGenerator.swift */ = {isa = PBXFileReference; lastKnownFileType = sourcecode.swift; path = NameGenerator.swift; sourceTree = "<group>"; };
		05394A762860DD700077D90C /* names-female.txt */ = {isa = PBXFileReference; fileEncoding = 4; lastKnownFileType = text; path = "names-female.txt"; sourceTree = "<group>"; };
		05394A772860DD700077D90C /* names-male.txt */ = {isa = PBXFileReference; fileEncoding = 4; lastKnownFileType = text; path = "names-male.txt"; sourceTree = "<group>"; };
		05A334472862470F00905208 /* Rot.sks */ = {isa = PBXFileReference; lastKnownFileType = file.sks; path = Rot.sks; sourceTree = "<group>"; };
		05A3346A2862620900905208 /* Heart.sks */ = {isa = PBXFileReference; lastKnownFileType = file.sks; path = Heart.sks; sourceTree = "<group>"; };
		05A334702862A47500905208 /* SettingsDoubleSliderViewController.swift */ = {isa = PBXFileReference; lastKnownFileType = sourcecode.swift; path = SettingsDoubleSliderViewController.swift; sourceTree = "<group>"; };
		05A334742862B9D500905208 /* SettingsIntSliderViewController.swift */ = {isa = PBXFileReference; fileEncoding = 4; lastKnownFileType = sourcecode.swift; path = SettingsIntSliderViewController.swift; sourceTree = "<group>"; };
		05A334782862BA7F00905208 /* SettingsValueViewController.swift */ = {isa = PBXFileReference; lastKnownFileType = sourcecode.swift; path = SettingsValueViewController.swift; sourceTree = "<group>"; };
		05A3347C2863240300905208 /* SettingsBoolViewController.swift */ = {isa = PBXFileReference; lastKnownFileType = sourcecode.swift; path = SettingsBoolViewController.swift; sourceTree = "<group>"; };
		05A3347F2863243300905208 /* Base */ = {isa = PBXFileReference; lastKnownFileType = file.xib; name = Base; path = Base.lproj/SettingsBoolCheckboxViewController.xib; sourceTree = "<group>"; };
		05A334822863243D00905208 /* Base */ = {isa = PBXFileReference; lastKnownFileType = file.xib; name = Base; path = Base.lproj/SettingsSliderViewController.xib; sourceTree = "<group>"; };
		05A334AF286346A400905208 /* Base */ = {isa = PBXFileReference; lastKnownFileType = file.xib; name = Base; path = Base.lproj/SettingsBoolSwitchViewController.xib; sourceTree = "<group>"; };
		05A334B6286348A100905208 /* SettingsIntMenuViewController.swift */ = {isa = PBXFileReference; lastKnownFileType = sourcecode.swift; path = SettingsIntMenuViewController.swift; sourceTree = "<group>"; };
		05A334B9286348A900905208 /* Base */ = {isa = PBXFileReference; lastKnownFileType = file.xib; name = Base; path = Base.lproj/SettingsIntMenuViewController.xib; sourceTree = "<group>"; };
		05A334BB2863863800905208 /* Combat.swift */ = {isa = PBXFileReference; lastKnownFileType = sourcecode.swift; path = Combat.swift; sourceTree = "<group>"; };
		05A334BD2863877600905208 /* CombatSettings.swift */ = {isa = PBXFileReference; lastKnownFileType = sourcecode.swift; path = CombatSettings.swift; sourceTree = "<group>"; };
		05A334BF2863886B00905208 /* CombatSettingsViewController.swift */ = {isa = PBXFileReference; lastKnownFileType = sourcecode.swift; path = CombatSettingsViewController.swift; sourceTree = "<group>"; };
		05B8A35528616034007870B3 /* Assets.xcassets */ = {isa = PBXFileReference; lastKnownFileType = folder.assetcatalog; path = Assets.xcassets; sourceTree = "<group>"; };
		05B8A35B2861F2F3007870B3 /* Credit.swift */ = {isa = PBXFileReference; fileEncoding = 4; lastKnownFileType = sourcecode.swift; path = Credit.swift; sourceTree = "<group>"; };
		05B8A35C2861F2F3007870B3 /* CreditsWindowController.swift */ = {isa = PBXFileReference; fileEncoding = 4; lastKnownFileType = sourcecode.swift; path = CreditsWindowController.swift; sourceTree = "<group>"; };
		05B8A35D2861F2F3007870B3 /* CreditViewController.swift */ = {isa = PBXFileReference; fileEncoding = 4; lastKnownFileType = sourcecode.swift; path = CreditViewController.swift; sourceTree = "<group>"; };
		05B8A35F2861F2F3007870B3 /* Base */ = {isa = PBXFileReference; lastKnownFileType = file.xib; name = Base; path = Base.lproj/CreditsWindowController.xib; sourceTree = "<group>"; };
		05B8A3612861F2F3007870B3 /* Base */ = {isa = PBXFileReference; lastKnownFileType = file.xib; name = Base; path = Base.lproj/CreditViewController.xib; sourceTree = "<group>"; };
/* End PBXFileReference section */

/* Begin PBXFrameworksBuildPhase section */
		05252E3C2854DEF70090B385 /* Frameworks */ = {
			isa = PBXFrameworksBuildPhase;
			buildActionMask = 2147483647;
			files = (
			);
			runOnlyForDeploymentPostprocessing = 0;
		};
/* End PBXFrameworksBuildPhase section */

/* Begin PBXGroup section */
		05102084285A8C9600F11184 /* Settings Window */ = {
			isa = PBXGroup;
			children = (
				05252F0D2855EAE80090B385 /* SettingsItem.swift */,
				05252F5C2857FF3C0090B385 /* SettingsViewController.swift */,
				05252F69285819710090B385 /* SettingsViewController.xib */,
				05252F0B2855E2100090B385 /* SettingsWindowController.swift */,
				05252F072855E1F40090B385 /* SettingsWindowController.xib */,
				05A334AD286344E800905208 /* Values Views */,
				05394A02285F6CA10077D90C /* Views */,
			);
			path = "Settings Window";
			sourceTree = "<group>";
		};
		051020B1285B548500F11184 /* Transformers */ = {
			isa = PBXGroup;
			children = (
				051020B2285B54D800F11184 /* BooleanTransformer.swift */,
				051020DF285B79AF00F11184 /* ClassTransformer.swift */,
				051020BA285B6B8400F11184 /* CreatureEnergyTransformer.swift */,
				053949F2285CD7320077D90C /* FoodEnergyTransformer.swift */,
				05102101285B8EF400F11184 /* NameTransformer.swift */,
				051020B4285B558F00F11184 /* NegateBooleanTransformer.swift */,
				051020BC285B6BF100F11184 /* StatusTransformer.swift */,
				05394A0A285F761E0077D90C /* TimeTransformer.swift */,
			);
			path = Transformers;
			sourceTree = "<group>";
		};
		05252E362854DEF70090B385 = {
			isa = PBXGroup;
			children = (
				05252E632854E1F20090B385 /* xcconfig */,
				05252E412854DEF70090B385 /* Creatures */,
				05252E402854DEF70090B385 /* Products */,
			);
			sourceTree = "<group>";
		};
		05252E402854DEF70090B385 /* Products */ = {
			isa = PBXGroup;
			children = (
				05252E3F2854DEF70090B385 /* Creatures.app */,
			);
			name = Products;
			sourceTree = "<group>";
		};
		05252E412854DEF70090B385 /* Creatures */ = {
			isa = PBXGroup;
			children = (
				053949FB285F6B3C0077D90C /* About Window */,
				053949FF285F6B990077D90C /* Application */,
				05B8A35A2861F2F3007870B3 /* Credits */,
				053949FE285F6B7E0077D90C /* Details */,
				05A334422862410600905208 /* Effects */,
				05394A5728608D7E0077D90C /* Event Log */,
				05252F7528582D030090B385 /* Extensions */,
				05394A00285F6C210077D90C /* Helpers */,
				053949FC285F6B600077D90C /* Main Window */,
				05252EA32854E90D0090B385 /* Organisms */,
				05394A752860DD700077D90C /* Resources */,
				05252F0A2855E1FC0090B385 /* Settings */,
				05102084285A8C9600F11184 /* Settings Window */,
				05394A01285F6C420077D90C /* SpriteKit */,
				05394A04285F6DC60077D90C /* Stats */,
				051020B1285B548500F11184 /* Transformers */,
				053949FD285F6B750077D90C /* UI */,
			);
			path = Creatures;
			sourceTree = "<group>";
		};
		05252E632854E1F20090B385 /* xcconfig */ = {
			isa = PBXGroup;
			children = (
				05252E642854E1F20090B385 /* CODE_OF_CONDUCT.md */,
				05252E652854E1F20090B385 /* Release - ccache.xcconfig */,
				05252E662854E1F20090B385 /* Common.xcconfig */,
				05252E672854E1F20090B385 /* Debug - ccache.xcconfig */,
				05252E682854E1F20090B385 /* Debug.xcconfig */,
				05252E692854E1F20090B385 /* Release.xcconfig */,
				05252E6A2854E1F20090B385 /* README.md */,
				05252E6B2854E1F20090B385 /* Release - Library.xcconfig */,
				05252E6C2854E1F20090B385 /* Common */,
				05252E932854E1F20090B385 /* Debug - Library.xcconfig */,
				05252E942854E1F20090B385 /* .gitignore */,
				05252E952854E1F20090B385 /* Scripts */,
				05252E982854E1F20090B385 /* .github */,
				05252E9A2854E1F20090B385 /* Debug - zld.xcconfig */,
			);
			name = xcconfig;
			path = Submodules/xcconfig;
			sourceTree = "<group>";
		};
		05252E6C2854E1F20090B385 /* Common */ = {
			isa = PBXGroup;
			children = (
				05252E6D2854E1F20090B385 /* Signing.xcconfig */,
				05252E6E2854E1F20090B385 /* Architectures.xcconfig */,
				05252E6F2854E1F20090B385 /* Static-Analyzer */,
				05252E772854E1F20090B385 /* Deployment.xcconfig */,
				05252E782854E1F20090B385 /* Build-Options.xcconfig */,
				05252E792854E1F20090B385 /* Swift-Compiler.xcconfig */,
				05252E7A2854E1F20090B385 /* Static-Analyzer.xcconfig */,
				05252E7B2854E1F20090B385 /* Swift-Compiler */,
				05252E802854E1F20090B385 /* Search-Paths.xcconfig */,
				05252E812854E1F20090B385 /* Apple-LLVM.xcconfig */,
				05252E822854E1F20090B385 /* Apple-LLVM */,
			);
			path = Common;
			sourceTree = "<group>";
		};
		05252E6F2854E1F20090B385 /* Static-Analyzer */ = {
			isa = PBXGroup;
			children = (
				05252E702854E1F20090B385 /* Issues.xcconfig */,
				05252E712854E1F20090B385 /* Issues */,
			);
			path = "Static-Analyzer";
			sourceTree = "<group>";
		};
		05252E712854E1F20090B385 /* Issues */ = {
			isa = PBXGroup;
			children = (
				05252E722854E1F20090B385 /* Apple-APIs.xcconfig */,
				05252E732854E1F20090B385 /* Generic-Issues.xcconfig */,
				05252E742854E1F20090B385 /* Security.xcconfig */,
				05252E752854E1F20090B385 /* Objective-C.xcconfig */,
				05252E762854E1F20090B385 /* Analysis-Policy.xcconfig */,
			);
			path = Issues;
			sourceTree = "<group>";
		};
		05252E7B2854E1F20090B385 /* Swift-Compiler */ = {
			isa = PBXGroup;
			children = (
				05252E7C2854E1F20090B385 /* Warnings-Policies.xcconfig */,
				05252E7D2854E1F20090B385 /* Code-Generation.xcconfig */,
				05252E7E2854E1F20090B385 /* Language.xcconfig */,
				05252E7F2854E1F20090B385 /* General.xcconfig */,
			);
			path = "Swift-Compiler";
			sourceTree = "<group>";
		};
		05252E822854E1F20090B385 /* Apple-LLVM */ = {
			isa = PBXGroup;
			children = (
				05252E832854E1F20090B385 /* Language */,
				05252E872854E1F20090B385 /* Code-Generation.xcconfig */,
				05252E882854E1F20090B385 /* Address-Sanitizer.xcconfig */,
				05252E892854E1F20090B385 /* Language.xcconfig */,
				05252E8A2854E1F20090B385 /* Warnings.xcconfig */,
				05252E8B2854E1F20090B385 /* Undefined-Behavior-Sanitizer.xcconfig */,
				05252E8C2854E1F20090B385 /* Warning-Policies.xcconfig */,
				05252E8D2854E1F20090B385 /* Warnings */,
				05252E922854E1F20090B385 /* Preprocessing.xcconfig */,
			);
			path = "Apple-LLVM";
			sourceTree = "<group>";
		};
		05252E832854E1F20090B385 /* Language */ = {
			isa = PBXGroup;
			children = (
				05252E842854E1F20090B385 /* Modules.xcconfig */,
				05252E852854E1F20090B385 /* Objective-C.xcconfig */,
				05252E862854E1F20090B385 /* C++.xcconfig */,
			);
			path = Language;
			sourceTree = "<group>";
		};
		05252E8D2854E1F20090B385 /* Warnings */ = {
			isa = PBXGroup;
			children = (
				05252E8E2854E1F20090B385 /* Objective-C-ARC.xcconfig */,
				05252E8F2854E1F20090B385 /* Objective-C.xcconfig */,
				05252E902854E1F20090B385 /* C++.xcconfig */,
				05252E912854E1F20090B385 /* All-Languages.xcconfig */,
			);
			path = Warnings;
			sourceTree = "<group>";
		};
		05252E952854E1F20090B385 /* Scripts */ = {
			isa = PBXGroup;
			children = (
				05252E962854E1F20090B385 /* ccache-config.sh */,
				05252E972854E1F20090B385 /* ccache.sh */,
			);
			path = Scripts;
			sourceTree = "<group>";
		};
		05252E982854E1F20090B385 /* .github */ = {
			isa = PBXGroup;
			children = (
				05252E992854E1F20090B385 /* FUNDING.yml */,
			);
			path = .github;
			sourceTree = "<group>";
		};
		05252EA12854E9030090B385 /* Genes */ = {
			isa = PBXGroup;
			children = (
				05252EB22854E9640090B385 /* Cannibal.swift */,
				05A334BB2863863800905208 /* Combat.swift */,
				05252EA42854E9180090B385 /* Gene.swift */,
				05252EAC2854E94B0090B385 /* Herbivore.swift */,
				05252F00285591E90090B385 /* MeatSense.swift */,
				05252EB62854E96F0090B385 /* Mitosis.swift */,
				05252EBE2854E9A10090B385 /* PlantSense.swift */,
				05252EB02854E95D0090B385 /* Predator.swift */,
				05252EBC2854E9900090B385 /* PredatorSense.swift */,
				05394A372860009C0077D90C /* PreySense.swift */,
				05252EAE2854E9540090B385 /* Scavenger.swift */,
				05252EB82854E9740090B385 /* Sex.swift */,
				05252F02285592B90090B385 /* SexSense.swift */,
				05394A3928607C1B0077D90C /* Speed.swift */,
				05252EB42854E9690090B385 /* Vampire.swift */,
				05252EBA2854E9830090B385 /* VampireSense.swift */,
			);
			path = Genes;
			sourceTree = "<group>";
		};
		05252EA22854E9090090B385 /* Food */ = {
			isa = PBXGroup;
			children = (
				05252EA62854E9210090B385 /* Food.swift */,
				05252EAA2854E9310090B385 /* Meat.swift */,
				05252EA82854E9290090B385 /* Plant.swift */,
			);
			path = Food;
			sourceTree = "<group>";
		};
		05252EA32854E90D0090B385 /* Organisms */ = {
			isa = PBXGroup;
			children = (
				05252EC02854EA400090B385 /* Creature.swift */,
				05252EA22854E9090090B385 /* Food */,
				05252EA12854E9030090B385 /* Genes */,
			);
			path = Organisms;
			sourceTree = "<group>";
		};
		05252F0A2855E1FC0090B385 /* Settings */ = {
			isa = PBXGroup;
			children = (
				0510207A285A85F500F11184 /* CannibalSettings.swift */,
				05A334BD2863877600905208 /* CombatSettings.swift */,
				05252F7A285837AD0090B385 /* CreaturesSettings.swift */,
				05102061285A192800F11184 /* HerbivoreSettings.swift */,
				0510205A285A192800F11184 /* MeatSenseSettings.swift */,
				05252F70285819A60090B385 /* MeatSettings.swift */,
				05252F5E2858011B0090B385 /* MitosisSettings.swift */,
				0510205C285A192800F11184 /* PlantSenseSettings.swift */,
				05252F6E285819A60090B385 /* PlantsSettings.swift */,
				05102060285A192800F11184 /* PredatorSenseSettings.swift */,
				0510205B285A192800F11184 /* PredatorSettings.swift */,
				0510207D285A88F800F11184 /* PreySenseSettings.swift */,
				05102064285A192800F11184 /* ScavengerSettings.swift */,
				05252EC62854F4220090B385 /* Settings.swift */,
				05102066285A192800F11184 /* SexSenseSettings.swift */,
				05252F65285815E30090B385 /* SexSettings.swift */,
				05394A3B28607C700077D90C /* SpeedSettings.swift */,
				05102067285A192800F11184 /* VampireSenseSettings.swift */,
				05102037285A165900F11184 /* VampireSettings.swift */,
				051020CA285B6DDB00F11184 /* WorldSettings.swift */,
			);
			path = Settings;
			sourceTree = "<group>";
		};
		05252F7528582D030090B385 /* Extensions */ = {
			isa = PBXGroup;
			children = (
				05252EEB28558A0B0090B385 /* NSPoint.swift */,
				05252F532857FCF70090B385 /* NSView.swift */,
				051A33432862075A001B605D /* Bundle.swift */,
			);
			path = Extensions;
			sourceTree = "<group>";
		};
		053949FB285F6B3C0077D90C /* About Window */ = {
			isa = PBXGroup;
			children = (
				05252E5B2854E0360090B385 /* AboutWindowController.swift */,
				05252E5D2854E0510090B385 /* AboutWindowController.xib */,
			);
			path = "About Window";
			sourceTree = "<group>";
		};
		053949FC285F6B600077D90C /* Main Window */ = {
			isa = PBXGroup;
			children = (
				05252E562854DFB50090B385 /* MainWindowController.swift */,
				05252E582854DFE80090B385 /* MainWindowController.xib */,
			);
			path = "Main Window";
			sourceTree = "<group>";
		};
		053949FD285F6B750077D90C /* UI */ = {
			isa = PBXGroup;
			children = (
				0510208F285AAF0100F11184 /* BackgroundView.swift */,
				05394A1F285F81370077D90C /* BadgeView.swift */,
				053949F7285EB8830077D90C /* DraggableView.swift */,
				053949F9285EBA9B0077D90C /* FlippedView.swift */,
				05394A2F285F83470077D90C /* TableRowView.swift */,
			);
			path = UI;
			sourceTree = "<group>";
		};
		053949FE285F6B7E0077D90C /* Details */ = {
			isa = PBXGroup;
			children = (
				053949E4285BA7DC0077D90C /* AddGeneWindowController.swift */,
				053949E6285BA8110077D90C /* AddGeneWindowController.xib */,
				0510208D285AAE2300F11184 /* CreatureDetailViewController.swift */,
				05102091285AAF6700F11184 /* CreatureDetailViewController.xib */,
				053949F0285CD22B0077D90C /* DetailViewController.swift */,
				05102103285B8FF200F11184 /* EditNameWindowController.swift */,
				05102105285B902600F11184 /* EditNameWindowController.xib */,
				053949EB285CCFEA0077D90C /* FoodDetailViewController.swift */,
				053949ED285CD0420077D90C /* FoodDetailViewController.xib */,
			);
			path = Details;
			sourceTree = "<group>";
		};
		053949FF285F6B990077D90C /* Application */ = {
			isa = PBXGroup;
			children = (
				05252E532854DF410090B385 /* ApplicationDelegate.swift */,
				05252E502854DF410090B385 /* MainMenu.xib */,
				05394A50286086B90077D90C /* Preferences.swift */,
			);
			path = Application;
			sourceTree = "<group>";
		};
		05394A00285F6C210077D90C /* Helpers */ = {
			isa = PBXGroup;
			children = (
				0510208B285AA13A00F11184 /* Constants.swift */,
				05102094285ABD1000F11184 /* Destination.swift */,
				05252ED0285580190090B385 /* EvolutionHelper.swift */,
				05394A732860DC370077D90C /* NameGenerator.swift */,
				05252F04285599DD0090B385 /* Weak.swift */,
			);
			path = Helpers;
			sourceTree = "<group>";
		};
		05394A01285F6C420077D90C /* SpriteKit */ = {
			isa = PBXGroup;
			children = (
				053949E2285B97280077D90C /* LabelNode.swift */,
				05252E9F2854E38B0090B385 /* Scene.swift */,
				05252ECA285521B20090B385 /* SpriteNode.swift */,
				05252EC22854EA590090B385 /* Updatable.swift */,
			);
			path = SpriteKit;
			sourceTree = "<group>";
		};
		05394A02285F6CA10077D90C /* Views */ = {
			isa = PBXGroup;
			children = (
				05102079285A85F500F11184 /* CannibalSettingsViewController.swift */,
				05A334BF2863886B00905208 /* CombatSettingsViewController.swift */,
				05252F79285837AD0090B385 /* CreaturesSettingsViewController.swift */,
				05102063285A192800F11184 /* HerbivoreSettingsViewController.swift */,
				0510205E285A192800F11184 /* MeatSenseSettingsViewController.swift */,
				05252F6F285819A60090B385 /* MeatSettingsViewController.swift */,
				05252F512857FBEC0090B385 /* MitosisSettingsViewController.swift */,
				0510205F285A192800F11184 /* PlantSenseSettingsViewController.swift */,
				05252F6D285819A60090B385 /* PlantsSettingsViewController.swift */,
				05102059285A192800F11184 /* PredatorSenseSettingsViewController.swift */,
				05102062285A192800F11184 /* PredatorSettingsViewController.swift */,
				0510207E285A88F800F11184 /* PreySenseSettingsViewController.swift */,
				0510205D285A192800F11184 /* ScavengerSettingsViewController.swift */,
				05102065285A192800F11184 /* SexSenseSettingsViewController.swift */,
				05252F63285815D40090B385 /* SexSettingsViewController.swift */,
				05394A5528608C240077D90C /* SpeedSettingsViewController.swift */,
				05102068285A192800F11184 /* VampireSenseSettingsViewController.swift */,
				05102038285A165900F11184 /* VampireSettingsViewController.swift */,
				051020CF285B6E6500F11184 /* WorldSettingsViewController.swift */,
			);
			path = Views;
			sourceTree = "<group>";
		};
		05394A04285F6DC60077D90C /* Stats */ = {
			isa = PBXGroup;
			children = (
				05394A1B285F7CFF0077D90C /* CreatureStatusChartView.swift */,
				05394A17285F7C3A0077D90C /* CreatureStatusChartViewController.swift */,
				05394A18285F7C3A0077D90C /* CreatureStatusChartViewController.xib */,
				05394A1D285F7D100077D90C /* CreatureStatusChartViewItem.swift */,
				05394A31285FA5E00077D90C /* CreatureStatusGraphView.swift */,
				05394A33285FAB600077D90C /* CreatureStatusItem.swift */,
				05394A06285F6DDC0077D90C /* StatsViewController.swift */,
				05394A08285F6E460077D90C /* StatsViewController.xib */,
			);
			path = Stats;
			sourceTree = "<group>";
		};
		05394A5728608D7E0077D90C /* Event Log */ = {
			isa = PBXGroup;
			children = (
				05394A5A28608DC30077D90C /* Event.swift */,
				05394A5828608D950077D90C /* EventLog.swift */,
				05394A5C286093DE0077D90C /* EventLogWindowController.swift */,
				05394A5E2860945F0077D90C /* EventLogWindowController.xib */,
			);
			path = "Event Log";
			sourceTree = "<group>";
		};
		05394A752860DD700077D90C /* Resources */ = {
			isa = PBXGroup;
			children = (
				05B8A35528616034007870B3 /* Assets.xcassets */,
				05252E492854DEF80090B385 /* Creatures.entitlements */,
				05252E602854E0D50090B385 /* Info.plist */,
				051A333F2861F9B3001B605D /* License-Creatures.txt */,
				051A33402861F9B3001B605D /* License-NameCorpus.txt */,
				05394A762860DD700077D90C /* names-female.txt */,
				05394A772860DD700077D90C /* names-male.txt */,
			);
			path = Resources;
			sourceTree = "<group>";
		};
		05A334422862410600905208 /* Effects */ = {
			isa = PBXGroup;
			children = (
				05A3346A2862620900905208 /* Heart.sks */,
				05A334472862470F00905208 /* Rot.sks */,
			);
			path = Effects;
			sourceTree = "<group>";
		};
		05A334AD286344E800905208 /* Values Views */ = {
			isa = PBXGroup;
			children = (
				05A3347E2863243300905208 /* SettingsBoolCheckboxViewController.xib */,
				05A334AE286346A400905208 /* SettingsBoolSwitchViewController.xib */,
				05A3347C2863240300905208 /* SettingsBoolViewController.swift */,
				05A334702862A47500905208 /* SettingsDoubleSliderViewController.swift */,
				05A334B6286348A100905208 /* SettingsIntMenuViewController.swift */,
				05A334B8286348A900905208 /* SettingsIntMenuViewController.xib */,
				05A334742862B9D500905208 /* SettingsIntSliderViewController.swift */,
				05A334832863243D00905208 /* SettingsSliderViewController.xib */,
				05A334782862BA7F00905208 /* SettingsValueViewController.swift */,
			);
			path = "Values Views";
			sourceTree = "<group>";
		};
		05B8A35A2861F2F3007870B3 /* Credits */ = {
			isa = PBXGroup;
			children = (
				05B8A35B2861F2F3007870B3 /* Credit.swift */,
				05B8A35C2861F2F3007870B3 /* CreditsWindowController.swift */,
				05B8A35E2861F2F3007870B3 /* CreditsWindowController.xib */,
				05B8A35D2861F2F3007870B3 /* CreditViewController.swift */,
				05B8A3602861F2F3007870B3 /* CreditViewController.xib */,
			);
			path = Credits;
			sourceTree = "<group>";
		};
/* End PBXGroup section */

/* Begin PBXNativeTarget section */
		05252E3E2854DEF70090B385 /* Creatures */ = {
			isa = PBXNativeTarget;
			buildConfigurationList = 05252E4C2854DEF80090B385 /* Build configuration list for PBXNativeTarget "Creatures" */;
			buildPhases = (
				05252E3B2854DEF70090B385 /* Sources */,
				05252E3C2854DEF70090B385 /* Frameworks */,
				05252E9C2854E2CD0090B385 /* ShellScript */,
				05252E3D2854DEF70090B385 /* Resources */,
			);
			buildRules = (
			);
			dependencies = (
			);
			name = Creatures;
			productName = Creatures;
			productReference = 05252E3F2854DEF70090B385 /* Creatures.app */;
			productType = "com.apple.product-type.application";
		};
/* End PBXNativeTarget section */

/* Begin PBXProject section */
		05252E372854DEF70090B385 /* Project object */ = {
			isa = PBXProject;
			attributes = {
				BuildIndependentTargetsInParallel = 1;
				LastSwiftUpdateCheck = 1330;
				LastUpgradeCheck = 1330;
				TargetAttributes = {
					05252E3E2854DEF70090B385 = {
						CreatedOnToolsVersion = 13.3.1;
					};
				};
			};
			buildConfigurationList = 05252E3A2854DEF70090B385 /* Build configuration list for PBXProject "Creatures" */;
			compatibilityVersion = "Xcode 13.0";
			developmentRegion = en;
			hasScannedForEncodings = 0;
			knownRegions = (
				en,
				Base,
			);
			mainGroup = 05252E362854DEF70090B385;
			productRefGroup = 05252E402854DEF70090B385 /* Products */;
			projectDirPath = "";
			projectRoot = "";
			targets = (
				05252E3E2854DEF70090B385 /* Creatures */,
			);
		};
/* End PBXProject section */

/* Begin PBXResourcesBuildPhase section */
		05252E3D2854DEF70090B385 /* Resources */ = {
			isa = PBXResourcesBuildPhase;
			buildActionMask = 2147483647;
			files = (
				05A334492862470F00905208 /* Rot.sks in Resources */,
				05394A1A285F7C3A0077D90C /* CreatureStatusChartViewController.xib in Resources */,
				05102093285AAF6700F11184 /* CreatureDetailViewController.xib in Resources */,
				053949EF285CD0420077D90C /* FoodDetailViewController.xib in Resources */,
				05A334BA286348A900905208 /* SettingsIntMenuViewController.xib in Resources */,
				051A33412861F9B3001B605D /* License-Creatures.txt in Resources */,
				05A334B0286346A400905208 /* SettingsBoolSwitchViewController.xib in Resources */,
				05394A782860DD700077D90C /* names-female.txt in Resources */,
				05B8A3652861F2F3007870B3 /* CreditsWindowController.xib in Resources */,
				05394A09285F6E460077D90C /* StatsViewController.xib in Resources */,
				05394A5F2860945F0077D90C /* EventLogWindowController.xib in Resources */,
				05252F092855E1F40090B385 /* SettingsWindowController.xib in Resources */,
				05B8A3662861F2F3007870B3 /* CreditViewController.xib in Resources */,
				05A334812863243D00905208 /* SettingsSliderViewController.xib in Resources */,
				05252E5F2854E0510090B385 /* AboutWindowController.xib in Resources */,
				05A3346B2862620900905208 /* Heart.sks in Resources */,
				053949E8285BA8110077D90C /* AddGeneWindowController.xib in Resources */,
				05252E5A2854DFE80090B385 /* MainWindowController.xib in Resources */,
				051A33422861F9B3001B605D /* License-NameCorpus.txt in Resources */,
				05252E542854DF410090B385 /* MainMenu.xib in Resources */,
				05394A792860DD700077D90C /* names-male.txt in Resources */,
				05A334802863243300905208 /* SettingsBoolCheckboxViewController.xib in Resources */,
				05252F6C285819710090B385 /* SettingsViewController.xib in Resources */,
				05B8A35628616034007870B3 /* Assets.xcassets in Resources */,
				05102107285B902600F11184 /* EditNameWindowController.xib in Resources */,
			);
			runOnlyForDeploymentPostprocessing = 0;
		};
/* End PBXResourcesBuildPhase section */

/* Begin PBXShellScriptBuildPhase section */
		05252E9C2854E2CD0090B385 /* ShellScript */ = {
			isa = PBXShellScriptBuildPhase;
			buildActionMask = 2147483647;
			files = (
			);
			inputFileListPaths = (
			);
			inputPaths = (
			);
			outputFileListPaths = (
			);
			outputPaths = (
			);
			runOnlyForDeploymentPostprocessing = 0;
			shellPath = /bin/sh;
			shellScript = "#!/bin/bash\nif [ \"${CONFIGURATION}\" = \"Release\" ]; then\n    plist=\"Creatures/Info.plist\"\n    rev=$(git rev-list HEAD | wc -l)\n    /usr/libexec/PlistBuddy -c \"Set :CFBundleVersion $rev\" \"$plist\"\nfi\n";
		};
/* End PBXShellScriptBuildPhase section */

/* Begin PBXSourcesBuildPhase section */
		05252E3B2854DEF70090B385 /* Sources */ = {
			isa = PBXSourcesBuildPhase;
			buildActionMask = 2147483647;
			files = (
				05252F0C2855E2100090B385 /* SettingsWindowController.swift in Sources */,
				05394A5B28608DC30077D90C /* Event.swift in Sources */,
				05102074285A192800F11184 /* ScavengerSettings.swift in Sources */,
				051020CB285B6DDB00F11184 /* WorldSettings.swift in Sources */,
				05A334B7286348A100905208 /* SettingsIntMenuViewController.swift in Sources */,
				053949EC285CCFEA0077D90C /* FoodDetailViewController.swift in Sources */,
				05252F5F2858011B0090B385 /* MitosisSettings.swift in Sources */,
				05394A1E285F7D100077D90C /* CreatureStatusChartViewItem.swift in Sources */,
				05394A20285F81370077D90C /* BadgeView.swift in Sources */,
				0510207B285A85F500F11184 /* CannibalSettingsViewController.swift in Sources */,
				05252F72285819A60090B385 /* PlantsSettings.swift in Sources */,
				0510206E285A192800F11184 /* MeatSenseSettingsViewController.swift in Sources */,
				0510206D285A192800F11184 /* ScavengerSettingsViewController.swift in Sources */,
				05252F7B285837AD0090B385 /* CreaturesSettingsViewController.swift in Sources */,
				05252EBF2854E9A10090B385 /* PlantSense.swift in Sources */,
				053949F8285EB8830077D90C /* DraggableView.swift in Sources */,
				05A334762862B9D500905208 /* SettingsIntSliderViewController.swift in Sources */,
				05252F5D2857FF3C0090B385 /* SettingsViewController.swift in Sources */,
				05A334792862BA7F00905208 /* SettingsValueViewController.swift in Sources */,
				05252EAF2854E9540090B385 /* Scavenger.swift in Sources */,
				05394A5D286093DE0077D90C /* EventLogWindowController.swift in Sources */,
				05252F542857FCF70090B385 /* NSView.swift in Sources */,
				05102071285A192800F11184 /* HerbivoreSettings.swift in Sources */,
				05102080285A88F800F11184 /* PreySenseSettingsViewController.swift in Sources */,
				05B8A3642861F2F3007870B3 /* CreditViewController.swift in Sources */,
				05252EC12854EA400090B385 /* Creature.swift in Sources */,
				05A334C02863886B00905208 /* CombatSettingsViewController.swift in Sources */,
				05394A32285FA5E00077D90C /* CreatureStatusGraphView.swift in Sources */,
				05102069285A192800F11184 /* PredatorSenseSettingsViewController.swift in Sources */,
				05A334BC2863863800905208 /* Combat.swift in Sources */,
				0510206F285A192800F11184 /* PlantSenseSettingsViewController.swift in Sources */,
				0510203A285A165900F11184 /* VampireSettingsViewController.swift in Sources */,
				05252EA52854E9180090B385 /* Gene.swift in Sources */,
				0510207F285A88F800F11184 /* PreySenseSettings.swift in Sources */,
				05252F64285815D40090B385 /* SexSettingsViewController.swift in Sources */,
				051020B3285B54D800F11184 /* BooleanTransformer.swift in Sources */,
				05252ED1285580190090B385 /* EvolutionHelper.swift in Sources */,
				053949E3285B97280077D90C /* LabelNode.swift in Sources */,
				05102073285A192800F11184 /* HerbivoreSettingsViewController.swift in Sources */,
				05A334BE2863877600905208 /* CombatSettings.swift in Sources */,
				05394A5628608C240077D90C /* SpeedSettingsViewController.swift in Sources */,
				05394A07285F6DDC0077D90C /* StatsViewController.swift in Sources */,
				05252F73285819A60090B385 /* MeatSettingsViewController.swift in Sources */,
				05B8A3622861F2F3007870B3 /* Credit.swift in Sources */,
				05102090285AAF0100F11184 /* BackgroundView.swift in Sources */,
				05A334712862A47500905208 /* SettingsDoubleSliderViewController.swift in Sources */,
				05252F74285819A60090B385 /* MeatSettings.swift in Sources */,
				0510206C285A192800F11184 /* PlantSenseSettings.swift in Sources */,
				05102104285B8FF200F11184 /* EditNameWindowController.swift in Sources */,
				0510206B285A192800F11184 /* PredatorSettings.swift in Sources */,
				051A33442862075A001B605D /* Bundle.swift in Sources */,
				051020E0285B79AF00F11184 /* ClassTransformer.swift in Sources */,
				05394A742860DC370077D90C /* NameGenerator.swift in Sources */,
				05394A0B285F761E0077D90C /* TimeTransformer.swift in Sources */,
				05252EA02854E38B0090B385 /* Scene.swift in Sources */,
				053949F3285CD7320077D90C /* FoodEnergyTransformer.swift in Sources */,
				05102070285A192800F11184 /* PredatorSenseSettings.swift in Sources */,
				053949F1285CD22B0077D90C /* DetailViewController.swift in Sources */,
				053949FA285EBA9B0077D90C /* FlippedView.swift in Sources */,
				05394A34285FAB600077D90C /* CreatureStatusItem.swift in Sources */,
				05102072285A192800F11184 /* PredatorSettingsViewController.swift in Sources */,
				05252E5C2854E0360090B385 /* AboutWindowController.swift in Sources */,
				051020B5285B558F00F11184 /* NegateBooleanTransformer.swift in Sources */,
				05252EB72854E96F0090B385 /* Mitosis.swift in Sources */,
				05252F03285592B90090B385 /* SexSense.swift in Sources */,
				0510207C285A85F500F11184 /* CannibalSettings.swift in Sources */,
				05252EB92854E9740090B385 /* Sex.swift in Sources */,
				05102102285B8EF400F11184 /* NameTransformer.swift in Sources */,
				05252E572854DFB50090B385 /* MainWindowController.swift in Sources */,
				05252EBD2854E9900090B385 /* PredatorSense.swift in Sources */,
				05394A1C285F7CFF0077D90C /* CreatureStatusChartView.swift in Sources */,
				05252F05285599DD0090B385 /* Weak.swift in Sources */,
				05394A19285F7C3A0077D90C /* CreatureStatusChartViewController.swift in Sources */,
				05252EB52854E9690090B385 /* Vampire.swift in Sources */,
				0510208C285AA13A00F11184 /* Constants.swift in Sources */,
				05252EAB2854E9310090B385 /* Meat.swift in Sources */,
				05394A51286086B90077D90C /* Preferences.swift in Sources */,
				05252EC32854EA590090B385 /* Updatable.swift in Sources */,
				051020BB285B6B8400F11184 /* CreatureEnergyTransformer.swift in Sources */,
				05252EA92854E9290090B385 /* Plant.swift in Sources */,
				05102075285A192800F11184 /* SexSenseSettingsViewController.swift in Sources */,
				05394A3C28607C700077D90C /* SpeedSettings.swift in Sources */,
				0510208E285AAE2300F11184 /* CreatureDetailViewController.swift in Sources */,
				05252E552854DF410090B385 /* ApplicationDelegate.swift in Sources */,
				05102078285A192800F11184 /* VampireSenseSettingsViewController.swift in Sources */,
				05252EB12854E95D0090B385 /* Predator.swift in Sources */,
				05252EB32854E9640090B385 /* Cannibal.swift in Sources */,
				05102039285A165900F11184 /* VampireSettings.swift in Sources */,
				05252EAD2854E94B0090B385 /* Herbivore.swift in Sources */,
				05B8A3632861F2F3007870B3 /* CreditsWindowController.swift in Sources */,
				05252ECB285521B20090B385 /* SpriteNode.swift in Sources */,
				05102095285ABD1000F11184 /* Destination.swift in Sources */,
				051020BD285B6BF100F11184 /* StatusTransformer.swift in Sources */,
				05102077285A192800F11184 /* VampireSenseSettings.swift in Sources */,
				05252EA72854E9210090B385 /* Food.swift in Sources */,
				05252F66285815E30090B385 /* SexSettings.swift in Sources */,
				05A3347D2863240300905208 /* SettingsBoolViewController.swift in Sources */,
				051020D0285B6E6600F11184 /* WorldSettingsViewController.swift in Sources */,
				05102076285A192800F11184 /* SexSenseSettings.swift in Sources */,
				05394A3A28607C1B0077D90C /* Speed.swift in Sources */,
				05252EEC28558A0B0090B385 /* NSPoint.swift in Sources */,
				053949E5285BA7DC0077D90C /* AddGeneWindowController.swift in Sources */,
				05394A5928608D950077D90C /* EventLog.swift in Sources */,
				05252EC72854F4220090B385 /* Settings.swift in Sources */,
				05252EBB2854E9830090B385 /* VampireSense.swift in Sources */,
				05252F7C285837AD0090B385 /* CreaturesSettings.swift in Sources */,
				05394A382860009C0077D90C /* PreySense.swift in Sources */,
				05252F71285819A60090B385 /* PlantsSettingsViewController.swift in Sources */,
				0510206A285A192800F11184 /* MeatSenseSettings.swift in Sources */,
				05252F01285591E90090B385 /* MeatSense.swift in Sources */,
				05252F0E2855EAE80090B385 /* SettingsItem.swift in Sources */,
				05252F522857FBEC0090B385 /* MitosisSettingsViewController.swift in Sources */,
				05394A30285F83470077D90C /* TableRowView.swift in Sources */,
			);
			runOnlyForDeploymentPostprocessing = 0;
		};
/* End PBXSourcesBuildPhase section */

/* Begin PBXVariantGroup section */
		05102091285AAF6700F11184 /* CreatureDetailViewController.xib */ = {
			isa = PBXVariantGroup;
			children = (
				05102092285AAF6700F11184 /* Base */,
			);
			name = CreatureDetailViewController.xib;
			sourceTree = "<group>";
		};
		05102105285B902600F11184 /* EditNameWindowController.xib */ = {
			isa = PBXVariantGroup;
			children = (
				05102106285B902600F11184 /* Base */,
			);
			name = EditNameWindowController.xib;
			sourceTree = "<group>";
		};
		05252E502854DF410090B385 /* MainMenu.xib */ = {
			isa = PBXVariantGroup;
			children = (
				05252E512854DF410090B385 /* Base */,
			);
			name = MainMenu.xib;
			sourceTree = "<group>";
		};
		05252E582854DFE80090B385 /* MainWindowController.xib */ = {
			isa = PBXVariantGroup;
			children = (
				05252E592854DFE80090B385 /* Base */,
			);
			name = MainWindowController.xib;
			sourceTree = "<group>";
		};
		05252E5D2854E0510090B385 /* AboutWindowController.xib */ = {
			isa = PBXVariantGroup;
			children = (
				05252E5E2854E0510090B385 /* Base */,
			);
			name = AboutWindowController.xib;
			sourceTree = "<group>";
		};
		05252F072855E1F40090B385 /* SettingsWindowController.xib */ = {
			isa = PBXVariantGroup;
			children = (
				05252F082855E1F40090B385 /* Base */,
			);
			name = SettingsWindowController.xib;
			sourceTree = "<group>";
		};
		05252F69285819710090B385 /* SettingsViewController.xib */ = {
			isa = PBXVariantGroup;
			children = (
				05252F6A285819710090B385 /* Base */,
			);
			name = SettingsViewController.xib;
			sourceTree = "<group>";
		};
		053949E6285BA8110077D90C /* AddGeneWindowController.xib */ = {
			isa = PBXVariantGroup;
			children = (
				053949E7285BA8110077D90C /* Base */,
			);
			name = AddGeneWindowController.xib;
			sourceTree = "<group>";
		};
		053949ED285CD0420077D90C /* FoodDetailViewController.xib */ = {
			isa = PBXVariantGroup;
			children = (
				053949EE285CD0420077D90C /* Base */,
			);
			name = FoodDetailViewController.xib;
			sourceTree = "<group>";
		};
		05A3347E2863243300905208 /* SettingsBoolCheckboxViewController.xib */ = {
			isa = PBXVariantGroup;
			children = (
				05A3347F2863243300905208 /* Base */,
			);
			name = SettingsBoolCheckboxViewController.xib;
			sourceTree = "<group>";
		};
		05A334832863243D00905208 /* SettingsSliderViewController.xib */ = {
			isa = PBXVariantGroup;
			children = (
				05A334822863243D00905208 /* Base */,
			);
			name = SettingsSliderViewController.xib;
			sourceTree = "<group>";
		};
		05A334AE286346A400905208 /* SettingsBoolSwitchViewController.xib */ = {
			isa = PBXVariantGroup;
			children = (
				05A334AF286346A400905208 /* Base */,
			);
			name = SettingsBoolSwitchViewController.xib;
			sourceTree = "<group>";
		};
		05A334B8286348A900905208 /* SettingsIntMenuViewController.xib */ = {
			isa = PBXVariantGroup;
			children = (
				05A334B9286348A900905208 /* Base */,
			);
			name = SettingsIntMenuViewController.xib;
			sourceTree = "<group>";
		};
		05B8A35E2861F2F3007870B3 /* CreditsWindowController.xib */ = {
			isa = PBXVariantGroup;
			children = (
				05B8A35F2861F2F3007870B3 /* Base */,
			);
			name = CreditsWindowController.xib;
			sourceTree = "<group>";
		};
		05B8A3602861F2F3007870B3 /* CreditViewController.xib */ = {
			isa = PBXVariantGroup;
			children = (
				05B8A3612861F2F3007870B3 /* Base */,
			);
			name = CreditViewController.xib;
			sourceTree = "<group>";
		};
/* End PBXVariantGroup section */

/* Begin XCBuildConfiguration section */
		05252E4A2854DEF80090B385 /* Debug */ = {
			isa = XCBuildConfiguration;
			baseConfigurationReference = 05252E682854E1F20090B385 /* Debug.xcconfig */;
			buildSettings = {
				CLANG_CXX_LIBRARY = "libc++";
				MTL_ENABLE_DEBUG_INFO = INCLUDE_SOURCE;
				MTL_FAST_MATH = YES;
				SWIFT_ACTIVE_COMPILATION_CONDITIONS = DEBUG;
				SWIFT_OPTIMIZATION_LEVEL = "-Onone";
			};
			name = Debug;
		};
		05252E4B2854DEF80090B385 /* Release */ = {
			isa = XCBuildConfiguration;
			baseConfigurationReference = 05252E692854E1F20090B385 /* Release.xcconfig */;
			buildSettings = {
				CLANG_CXX_LIBRARY = "libc++";
				MTL_ENABLE_DEBUG_INFO = NO;
				MTL_FAST_MATH = YES;
				SWIFT_COMPILATION_MODE = wholemodule;
				SWIFT_OPTIMIZATION_LEVEL = "-O";
			};
			name = Release;
		};
		05252E4D2854DEF80090B385 /* Debug */ = {
			isa = XCBuildConfiguration;
			buildSettings = {
				ASSETCATALOG_COMPILER_APPICON_NAME = AppIcon;
				ASSETCATALOG_COMPILER_GLOBAL_ACCENT_COLOR_NAME = AccentColor;
				CODE_SIGN_ENTITLEMENTS = Creatures/Resources/Creatures.entitlements;
				INFOPLIST_FILE = Creatures/Resources/Info.plist;
				INFOPLIST_KEY_LSApplicationCategoryType = "public.app-category.educational-games";
				INFOPLIST_KEY_NSHumanReadableCopyright = "Copyright © 2022 XS-Labs. All rights reserved.";
				INFOPLIST_KEY_NSMainNibFile = MainMenu;
				INFOPLIST_KEY_NSPrincipalClass = NSApplication;
				LD_RUNPATH_SEARCH_PATHS = (
					"$(inherited)",
					"@executable_path/../Frameworks",
				);
				PRODUCT_BUNDLE_IDENTIFIER = "com.xs-labs.Creatures";
				PRODUCT_NAME = "$(TARGET_NAME)";
			};
			name = Debug;
		};
		05252E4E2854DEF80090B385 /* Release */ = {
			isa = XCBuildConfiguration;
			buildSettings = {
				ASSETCATALOG_COMPILER_APPICON_NAME = AppIcon;
				ASSETCATALOG_COMPILER_GLOBAL_ACCENT_COLOR_NAME = AccentColor;
				CODE_SIGN_ENTITLEMENTS = Creatures/Resources/Creatures.entitlements;
				INFOPLIST_FILE = Creatures/Resources/Info.plist;
				INFOPLIST_KEY_LSApplicationCategoryType = "public.app-category.educational-games";
				INFOPLIST_KEY_NSHumanReadableCopyright = "Copyright © 2022 XS-Labs. All rights reserved.";
				INFOPLIST_KEY_NSMainNibFile = MainMenu;
				INFOPLIST_KEY_NSPrincipalClass = NSApplication;
				LD_RUNPATH_SEARCH_PATHS = (
					"$(inherited)",
					"@executable_path/../Frameworks",
				);
				PRODUCT_BUNDLE_IDENTIFIER = "com.xs-labs.Creatures";
				PRODUCT_NAME = "$(TARGET_NAME)";
			};
			name = Release;
		};
/* End XCBuildConfiguration section */

/* Begin XCConfigurationList section */
		05252E3A2854DEF70090B385 /* Build configuration list for PBXProject "Creatures" */ = {
			isa = XCConfigurationList;
			buildConfigurations = (
				05252E4A2854DEF80090B385 /* Debug */,
				05252E4B2854DEF80090B385 /* Release */,
			);
			defaultConfigurationIsVisible = 0;
			defaultConfigurationName = Release;
		};
		05252E4C2854DEF80090B385 /* Build configuration list for PBXNativeTarget "Creatures" */ = {
			isa = XCConfigurationList;
			buildConfigurations = (
				05252E4D2854DEF80090B385 /* Debug */,
				05252E4E2854DEF80090B385 /* Release */,
			);
			defaultConfigurationIsVisible = 0;
			defaultConfigurationName = Release;
		};
/* End XCConfigurationList section */
	};
	rootObject = 05252E372854DEF70090B385 /* Project object */;
}
